{
  "version": 4,
  "terraform_version": "0.12.24",
  "serial": 14,
  "lineage": "a14bb3de-c109-2f24-fc59-76c2c5bf700f",
  "outputs": {},
  "resources": [
    {
      "mode": "managed",
      "type": "packet_device",
      "name": "compute-arm",
      "each": "list",
      "provider": "provider.packet",
      "instances": []
    },
    {
      "mode": "managed",
      "type": "packet_device",
      "name": "compute-x86",
      "each": "list",
      "provider": "provider.packet",
      "instances": [
        {
          "index_key": 0,
          "schema_version": 0,
          "attributes": {
            "access_private_ipv4": "10.99.176.133",
            "access_public_ipv4": "147.75.79.53",
            "access_public_ipv6": "2604:1380:1:5000::5",
            "always_pxe": false,
            "billing_cycle": "hourly",
            "created": "2020-04-04T03:59:07Z",
            "deployed_facility": "ewr1",
            "description": null,
            "facilities": [
              "ewr1"
            ],
            "facility": null,
            "force_detach_volumes": false,
            "hardware_reservation_id": null,
            "hostname": "compute-x86-00",
            "id": "a822be5b-1c1a-4189-b98a-fb6a59f7a7ff",
            "ip_address": [],
            "ip_address_types": [],
            "ipxe_script_url": "",
            "locked": false,
            "network": [
              {
                "address": "147.75.79.53",
                "cidr": 31,
                "family": 4,
                "gateway": "147.75.79.52",
                "public": true
              },
              {
                "address": "2604:1380:1:5000::5",
                "cidr": 127,
                "family": 6,
                "gateway": "2604:1380:1:5000::4",
                "public": true
              },
              {
                "address": "10.99.176.133",
                "cidr": 31,
                "family": 4,
                "gateway": "10.99.176.132",
                "public": false
              }
            ],
            "network_type": "layer3",
            "operating_system": "ubuntu_18_04",
            "plan": "n2.xlarge.x86",
            "ports": [
              {
                "bonded": true,
                "id": "a455823f-4e08-4b38-bf0f-1d12ef93f2b6",
                "mac": "",
                "name": "bond0",
                "type": "NetworkBondPort"
              },
              {
                "bonded": true,
                "id": "f8be7677-387e-4239-8718-411487f6b4a6",
                "mac": "",
                "name": "bond1",
                "type": "NetworkBondPort"
              },
              {
                "bonded": true,
                "id": "611225a4-12fb-4058-814c-dd0671f34ea6",
                "mac": "e4:43:4b:6d:47:be",
                "name": "eth0",
                "type": "NetworkPort"
              },
              {
                "bonded": true,
                "id": "4c6651c6-5f69-4716-a709-275960dfd1aa",
                "mac": "e4:43:4b:6d:47:bf",
                "name": "eth1",
                "type": "NetworkPort"
              },
              {
                "bonded": true,
                "id": "056128c4-0164-4337-a33c-e83a652a94f8",
                "mac": "e4:43:4b:6d:47:c0",
                "name": "eth2",
                "type": "NetworkPort"
              },
              {
                "bonded": true,
                "id": "8b1cb481-616f-4239-9b02-cf3b91181bb0",
                "mac": "e4:43:4b:6d:47:c1",
                "name": "eth3",
                "type": "NetworkPort"
              }
            ],
            "project_id": "6462e895-a848-45e0-8e55-40dd6bde4782",
            "project_ssh_key_ids": null,
            "public_ipv4_subnet_size": 31,
            "root_password": "7]8Yf@-V2c",
            "ssh_key_ids": [
              "4b7243e0-e5c5-4f8e-bb72-d209cbdc12fa",
              "b57f8f54-ab5d-4e7d-a7e0-562e904b829f",
              "8648676e-238b-49ef-a84e-991a8e644d56",
              "8080b1bf-504b-454b-9805-d20c8608b96a",
              "9caa8cac-5358-4026-86e6-75fcd43cce7d",
              "4152f100-14bf-485b-84e9-a9431d0023e7",
              "4cfb468b-8f07-4916-902a-46b90cd81315",
              "d3e95893-cdc0-44cf-8097-e667930fb60c",
              "2abf5a7e-8b64-411a-92c8-c15e963481ee",
              "c66b58ae-94f3-4e19-b6a3-0801946303ad",
              "32276e18-f528-4375-8f7e-40997a9b60a4",
              "245635ea-ad3e-46af-8fbb-196696ef670a",
              "7ca420d2-6c87-4715-b824-2bbb64eec407",
              "b279eda3-41ee-4eb3-b9ee-0cc808f3e044",
              "fe5624c8-e3bf-410b-89d2-00d96c1435cf",
              "2b2e94f7-b372-4e00-a9e2-a853ea689ff2",
              "d3301f20-8c1a-4c76-95b9-e0ec781d8e50",
              "76dc5e07-47d7-401a-928d-008d500f8bbe",
              "a1d17fc0-82ce-44df-8c11-4012d834cfdd",
              "964f4516-f880-43aa-b5af-c9411b2529e2",
              "d01ce94f-09f4-4f8c-b807-ffe3b9f0ab8e",
              "be6799bd-ba2f-4878-b06c-c8e0c6db68f2",
              "7ea3855d-2931-4e2f-bb93-b20c0195a608",
              "6a2330e7-0c9a-4212-b0e9-1aa73c4e5c25",
              "78b276ee-e883-46fb-a339-b8c892c63431",
              "af8cb83a-6f5e-4e16-b00f-ee3a92a4b812",
              "9f124c71-a926-4960-90b5-46aab25a8037",
              "af528d3d-2497-4931-9c7d-664f54053bcb",
              "985089d9-c4ba-4bf7-bf31-07c7aa8defb0",
              "8cefa73f-14d7-4a86-be15-81cd75a20c8e",
              "d94d8973-270f-4d3e-9141-57583e88f6f4",
              "919930b5-259d-49a9-8f41-864f2baeb4c3",
              "ad4ddfd0-77d7-45f8-9bef-0bd85367903a",
              "4f0cbb71-b5f0-4596-806d-34e93593ea94",
              "2d71390f-3884-4d5c-b1c6-a922f23956c4",
              "1588b78f-078b-40a3-9dc3-66a08fd2395b",
              "c34171db-6d76-4545-b092-91286e6e4e7f",
              "11bb7a98-e7ee-4c45-8661-2756f8966ed3",
              "5fe1ab1c-673a-41d4-a09d-36806c6584a7",
              "67974cb3-747d-4af0-86fe-ae357d9411d7",
              "7676372c-a73f-4a47-b04a-be2b82ccd406",
              "21f4599a-5397-4f7f-8d6d-32ba441c585b",
              "5e0cf920-34c5-42ec-9031-39b0aecbc3da",
              "08a8f7e5-b848-4397-9e13-38bb8886e40c",
              "07fc5572-45ec-4fbc-a763-0c3d160f26d2",
              "ff4edf74-1f0d-4ced-992f-887b348c6e84",
              "082c71df-7c5d-4bcf-bbb5-b681e2f20327",
              "ce96ce78-0875-4668-ab64-9727fad74a5f",
              "7e2c5a9f-9066-4762-ac6a-9a7cf194ae40",
              "49272720-dd74-41b7-a8ba-8e0ca246dd7b",
              "78263c66-9d86-4a64-a876-56af919cd628",
              "82aafe0b-5329-4034-8d11-8601a586449f",
              "47991eca-a81c-4ca4-a59d-f369a25ee97f",
              "b56d29a5-c83a-4987-9840-f29caf9f0bf5",
              "1b7e9dc5-ac80-4cf5-b5af-f7e6201bc3c6",
              "ec8f6642-98b7-440d-b9e7-a8c296bf5f9d",
              "b69e68dc-c098-45bd-bb27-a8d9f7591597",
              "bd301f70-d142-4bdf-bd19-a5515ea967bc",
              "04193283-c121-4b68-ad63-0949f9af3f54",
              "78a225dd-e1a4-4817-acdd-76bc1d4c0473",
              "c6ab41cd-d974-4b36-8e12-a75a289e7787",
              "44b76d9f-b9cb-4ce8-87cf-4974619d3a46",
              "7a599787-f97b-4380-86f7-8ebe0004ecc3",
              "1ace4a71-9569-4703-942d-2471fa34bfff",
              "85130bc4-4759-43ce-ab62-4b126ed9c4fe",
              "48e127b3-886f-46c6-8cca-78af6c1d055a",
              "ebe3733c-45e1-4a12-8f85-d9233f91231b",
              "25e0301a-35e5-4723-83ec-3d5dc166c1a3",
              "b195f78b-f454-4675-8207-cf092c215d55",
              "87f029b7-32a3-4cc2-a2a3-fb030f1bcea7",
              "a8fe1ec1-32da-4568-a592-31e8fe0cb349",
              "b48324c8-d6ee-47bb-8f13-1637a6d691f5",
              "3d2a8d82-1bc8-49c2-ba11-864dda4631e4",
              "46550433-47ab-491f-a2eb-d5b9354ef969",
              "f33ff4d7-f81f-4650-b214-c8e30f4fb634",
              "b7d50f6f-19fc-4afb-a573-31a8e1db06ad",
              "81425fa2-c863-44c3-9d8b-57b8ca39d88d",
              "98069023-ac01-45da-a1dc-3c8cd6585428",
              "35b188d6-a611-46e8-934d-3c49e82cc1b9",
              "cbe9e030-ed48-44e5-b2e1-35c2c7471f6a",
              "20a63f97-8d66-4717-a469-158245f7e49d",
              "a92e31f1-dc2b-4442-ba3c-dbf28d33a102",
              "4fe19d23-5db9-4946-a984-0b06b8a81dc8",
              "dfa3ce46-bee1-4e21-9002-aa53ab56df6c",
              "6ba6dd9f-46e1-4a3a-85e6-6c81a2268a8b",
              "a21a9a45-a59f-4ce4-8a69-2e381f39dc48",
              "92086388-452e-4207-a5f3-e0abd6d7abc4",
              "f9e7f079-c0de-4fa5-a413-b80f3ac365eb",
              "a9902f2c-dd53-4f5b-a7a7-15a225f1790f",
              "4d6408bb-a421-4bf6-aff7-fa53232aebd6",
              "a9e49d8d-ffbe-431e-822b-181debf9ab4b",
              "39211f53-ea99-48be-8909-ec11fae992a1",
              "83fded38-84ba-4c0e-9729-69582b8f9ce8",
              "a50abe9b-c8ef-4d22-8bbe-4e69376d4825",
              "41341471-b84c-433b-90b4-1eded79828bc",
              "2ed9e443-b7ed-43f9-a079-5fd5f7e38d99",
              "4d4c3e4f-357f-454c-a2d4-41107d8eb6d1",
              "eace2e3a-af02-45d7-ab5c-64336514e939",
              "5826a5a6-b58e-4fa7-8368-35fecb873a4e",
              "fbc24819-492d-4fdb-9ab3-99fb4cc513b7",
              "20be8422-4e65-4fec-922c-8824a127c8ce",
              "77ce0ba8-4c99-447d-8841-abad268c5b8a",
              "26c99c4b-07e6-4d73-a41d-f47c583acd02",
              "1308333d-526b-4ea0-b5a8-086b6fd504eb",
              "6fd7ad08-4111-4cfc-b393-3a5cac185b6d",
              "afc9e99b-8816-4b86-8246-90935669baf5",
              "4fca150b-d7a6-44d3-9e5f-d26dc3fdd1ce",
              "057f3024-a60e-448f-b418-87362c48dffb",
              "2ae1d7a4-caf6-49a7-9fc9-098260c818a4",
              "efe34a8a-b529-46a6-a8bc-01416b5d10ac",
              "45e156ad-4f46-4bfb-b2d8-fd883ee7543f",
              "77fd75f1-05d4-44cb-9bd4-c63af2c69e55",
              "93da1f2b-a3ac-43b6-a05b-3a77c15eecf1",
              "29bde5bb-16d3-4dc4-ac3f-8185a0b690db",
              "f29c2c7e-7fd3-4ad0-87dd-116211d49765",
              "348db7a1-2280-4294-a12e-179eba68d602",
              "5e21877a-e2cd-4d31-a55a-e0bc43867969",
              "9ad3196a-61d0-4605-954d-0b017f9789e0",
              "7359dcb2-b568-4ef8-ab1f-4f1045c1275e",
              "59272fc5-f3fe-402d-b099-9bd7b6b0f917",
              "9704f226-e29c-4591-ba16-f41771943ddb",
              "835b4dce-0336-433b-82ec-e8f543b6fedc",
              "fc9fadb7-146c-445a-8231-85f1252f3211",
              "990c4c36-f5e5-45d1-bce5-f51f0afb91c6",
              "ea9d3bc4-a01c-4d2b-9fa8-459e3e561aa0",
              "5dbe263f-4c9e-4a85-ad6e-39692abc8b7a",
              "0896ae8e-cba6-4550-8ede-e905fa8e7040",
              "a6fbf3d5-17b0-48f3-9463-479d84116d1a",
              "0a7e803b-23a6-467c-bf2b-6c89075e832d",
              "ffbda292-2f53-41bf-a1db-2c708e1fd88b",
              "c30177c9-e977-4578-aa1f-e79edb2d133e",
              "7a549c9f-6c2e-480a-8110-67c0b4c2cf45",
              "699fd34f-054f-4a60-9ab1-a05e5f7488f3",
              "d067e6a7-87cd-47df-9e4a-7c69fa934c32",
              "ce8a1d78-8bc5-414a-a98e-e658ed6fafdf",
              "89007455-0685-4f18-9784-b2965bee1d5f",
              "165a14a1-9531-4d49-a75b-e951cbc1154f",
              "4dda1c4a-c6e4-4f88-9a8e-f2dca120442c",
              "a6ddda41-74b0-4abd-b04f-ad5ec39bc5b5",
              "569bac06-b2ad-46f5-8b99-7640abd59e10",
              "140c7410-c0a6-4c8a-a595-e37d53a8002a",
              "7dbbffc9-e48e-4ed0-b6fe-65aba20fe035",
              "089deab1-1b2b-4fbd-a9f3-0315febf6363",
              "0d22f350-6582-471c-a689-2f4d9383bbe7",
              "6d1edb61-22c9-4d32-981e-3527ab403c96",
              "26eb0537-3406-4033-89a5-9eb76f19decf",
              "9cbef5ff-95c5-412a-824b-20aaea24cbac",
              "5ad7cf08-6211-405c-bd93-34ac2c9e3476",
              "5c172258-1789-46a5-8ed9-940aca66a299",
              "014dc011-526c-421d-ae15-c90c936d691b",
              "6f1bd730-56c8-49f2-b064-52c2e34f979f",
              "34f61ff6-bb8a-454c-8b52-2e93fb670f82",
              "84a278e7-bd1d-4a1e-a092-2feb4b89b11d",
              "ceb16289-7f56-430a-b416-1d11bdede9d0",
              "b70d3580-9ee5-4b6c-ac97-b567a9f276b1",
              "27d699df-43be-4ef6-9cd4-675f82bfda9a",
              "cb799ea2-37f7-4472-aefb-7bd8703b07c1",
              "8556a314-280c-4a03-b792-118158115105",
              "4057fe97-2882-457c-9f3a-56b2decda9ef",
              "875effe8-cd48-4c0b-9ad9-a6004c967607",
              "aa3a2881-70d8-4391-941d-60394a54b531",
              "dfc7a07f-24db-4500-8d89-fe482501d487",
              "7d572d2d-cc07-41ef-881d-e5cd583cb568",
              "28a150fc-0f89-40a7-9522-c25cd9bf73a9",
              "44bd246c-5b7b-4e7e-919e-07be8d3bcfc6",
              "38fab524-60dc-4014-ac41-fcc7389337ce",
              "539c53e6-687a-4e8e-bca7-441456d125f4",
              "ed8d5450-d043-48bb-b4c1-fedef3f03ac2",
              "92bf389c-3c55-4371-86a4-c98f6248ed32",
              "c58b46fe-cf13-41f5-9fa6-ae18a224a2be",
              "6b8b4103-9681-4c0f-a01a-2c566000b3ef",
              "fd420f75-a450-4ed6-a0e9-e5534990ec16",
              "10efe58b-9862-467c-8466-9428004bb895",
              "7954eb30-4293-4acf-a453-ad3e48059522",
              "950f944d-8f96-456b-a2ec-a660380cdbe5",
              "2413ff03-4c37-450b-8651-ac7496599860",
              "ba088661-88ed-4754-b425-ccc4715ef4ac",
              "e1b81578-87a7-4c76-bfd1-18965da7a506",
              "9856ce11-cb34-4918-aca3-8fbe4f709df2",
              "274215ae-88e2-4043-90a9-76545540ad54",
              "381263ce-247e-4fc7-92a6-0fc6caaf9fd1",
              "fa8b1f60-9a85-42fe-8c17-b33ade3eb57b",
              "466053e6-c3e7-4a24-8cb4-0062d8704c44",
              "deca600f-2751-4e4f-b767-2b95f9495d46",
              "a6c6a022-94c4-41c9-98fe-ea205527197e",
              "4eba3695-6a60-4945-ba78-d632d8f24f6e",
              "489dcad8-5d35-4f46-b9d9-58d42d4dd9de",
              "a9348e41-e872-4f93-8507-22619249b4b6",
              "7550048e-d95e-4461-8578-cbed369d3bbd",
              "b0d71788-92e6-4b41-b433-88b3c26c5f4b",
              "ee13e984-70fb-4f30-be94-ffba79ce4e28",
              "3c76e42d-f8c4-42c7-abb2-0612d17ed24d",
              "739c7850-06eb-4674-a1d6-3c0a0fcc2977",
              "25ef732f-d188-40bc-9b3e-802ab2143939",
              "65973bd0-8eb0-4e41-b412-ccafb94d19c2",
              "3c3a5c91-357e-456a-8591-f8ed25f567b0",
              "528efb17-92ae-4ae8-a21f-741473318ebb",
              "ec8f399c-78f0-42c1-9b65-6d166b7e19ca",
              "d7a0eb90-5cca-4f22-a920-977b072ca7b3",
              "3ae4a916-d59c-4e4e-98b2-f4d58146e007",
              "ad24b0ac-44d6-47fd-81b9-5703cdebabad",
              "00479a9f-302b-4904-9c31-e87e509bf556",
              "335663aa-38c8-4780-a729-23da3049c0d1",
              "80b9f425-0841-4d0c-aa99-b8d817aa210a",
              "52ee248d-487c-4e21-ad5c-a0844a436bdd",
              "5943e51f-fcf2-4903-b77a-e7294b97756d",
              "d9ba2f64-49a5-45ee-af9f-7d4576bb2042",
              "cf00f5e8-f362-409c-bab0-ae7b7af96cc4",
              "ccd8013e-22e0-40a1-9c76-04dfa92c9097",
              "d5fd1cb0-ef27-4bc6-9017-f16889d5b428",
              "b28585c6-11d2-42ed-80c4-5aca06afc19e",
              "da0fb5ef-effb-4414-866c-e21c892266a1",
              "6857e00b-44ff-4508-86fb-20f4553993a8",
              "acc1fcea-f60d-4b4e-a16d-a939e3749615",
              "2838c153-f870-4e9d-83a6-5900a37e53d0",
              "3029294a-b40e-4fa4-a9c8-296f896f2fbf",
              "15499a1f-a181-4b84-ab9b-2534ab0ed471",
              "b84a3bac-6397-417f-9b31-6225fb14d5db",
              "a10d3182-a122-4804-b572-cd2640e2873b",
              "2eb7e48b-e2fc-48b1-b0ce-e6a872772afa",
              "44792a5f-5ed1-432d-9201-cef0dc8cf892",
              "2599980a-d29b-4e91-ab02-adaf3da23a28",
              "c0bb8f9b-c47c-476b-a126-fc8639ce829f",
              "045c507e-a93f-4197-93e8-bdf80b5c509e",
              "eb88b553-92a2-4601-a7ca-2187812f8e1b",
              "4d573ab5-8802-4517-b6d2-e7067c4021d7",
              "4a48fc06-acb6-4a69-9d7a-abaca450d42b",
              "2b2498c7-4c8d-4441-acf8-70758f202299",
              "608cc5ae-0b7c-4ee6-84c9-ca59a1e232e0",
              "df9b07f9-faae-4012-80f8-783adb7d70cd",
              "2e228c42-18fd-483b-ab62-4b80c4dbdbec",
              "099b00a5-aa7f-408b-80c3-aec26de14da0",
              "49144858-d436-4919-a5c2-3d18ef0df757",
              "d713c32e-db0b-4a86-ab9c-7d7605203b21",
              "b861d988-7ddf-4117-a8c8-ce7ce1a113f2",
              "abd25726-d3f9-45c0-81f8-a128b0eccbb8",
              "b01918a4-1f83-4ac2-bb56-69cbcb173e5e",
              "cf114ecc-eeff-43e1-b5e3-ad8fc31f36c1",
              "87264e57-5b4a-4f0e-a82f-06921ba4dec0",
              "73401380-7099-455c-8e62-781908c2a853",
              "eaa99f43-e50f-4fe7-b616-a8d21d7252fe",
              "b2be56a6-3ee5-4e55-ae7a-2b1f90a31606",
              "0df58e35-d73e-4f72-b772-621ac6ccc86d",
              "a59dbc16-52af-4480-99a8-74dba8057992",
              "7d19db99-0c85-49c8-b87b-0c43230a794b",
              "e193e5b1-1d4b-4285-ac01-e3dea0787283",
              "250559f8-1c36-41bb-8905-40506c5fa79f",
              "f16d112f-db01-470a-a051-21c52f93937e",
              "ed9abbb3-bfc3-479c-aabe-145a92f3005d",
              "59a1be3f-b4b2-4c18-a5fb-03acb803d2aa",
              "2743ea85-892d-487e-92d6-d81bede3d105",
              "408c292c-ebd3-43d5-bdf4-dbbb4dce74bf",
              "3709d870-68b2-419d-8c38-29d32e1586e6",
              "484fd7f6-53f8-41d6-ab8f-318aae57a627",
              "45d1229f-886a-4fcf-a064-922a4864d2b4",
              "a9e5d644-bdc9-4d88-aa57-fc86ede0bcad",
              "26a12723-7c21-413c-9a27-2bc02f86226f",
              "f27c9f98-a018-42f7-9b1b-87485dfdd9c6",
              "c4398053-613d-4b9e-92a2-d45d01af8947",
              "7848ca5e-6a02-4bb9-ae81-d3ad1ae1c8fa",
              "48b06ea7-e1ac-426d-91f7-928a084f2ca0",
              "d21dceb7-7ca7-4c82-9417-a251679c235b",
              "ceed18d2-c325-4ec0-a24c-54f91c8ea5e9",
              "17997daa-237c-4523-87cc-8ff46538ea98",
              "e6cf9448-9b37-4576-8798-b0d14d3f63af",
              "e31e99c8-5150-4fcb-815a-fc120a4bbd84",
              "2cc9c53c-443b-4581-ba74-6b34f45082c3",
              "1609f395-f0ce-4429-bb6f-f04195b602e3",
              "3444fbca-522d-423b-ad12-1f1bec86d340",
              "c49d9fa2-acd5-4422-b6d0-3593d63539cd",
              "efced541-09e9-4f43-bdb5-393db4792671",
              "10c8deee-5f23-4376-b03d-3674798a3599",
              "3263076a-6221-4962-adf2-039de8d4d095",
              "4577afcc-108e-40d3-91c0-d42f7eadf487",
              "260fa9b1-cfd0-4129-8366-dad01c112992",
              "3cd5fd38-da7c-4ecb-8d2f-3bc45e862f1c",
              "a2679217-0896-4cc3-bb2e-73521719c718",
              "38630401-27f3-46b5-8864-b334ec7bd206",
              "38f71800-9988-41aa-823f-755d1807fc83",
              "7c646905-72fc-492d-81a3-5dc3d0997a16",
              "f4374db5-0b0e-487e-b4ca-6fec8ee51e0f",
              "909f2cb8-2654-438c-9378-e8851e0ada3d",
              "675d3818-23e9-46fa-98f8-166c4a8e8881",
              "2371a745-b8f3-48c2-900a-43bac0ac22a4",
              "0331b82d-0fa5-41fe-826e-518ef67e9c08",
              "da2dbf95-4aec-4506-b954-eee77fbe509b",
              "2b31ea8b-b1b6-4481-822a-8422eb321e3a",
              "3ce2fd17-3ccc-4688-be76-e87fe22dfb61",
              "04e4eb86-7635-4c55-b170-12a0dfd9f3ac",
              "fbc1d48c-54ef-4efb-9d49-e3f36af944e3",
              "c753ea68-9789-4877-bb11-b6bb1a32b247",
              "983bb062-de68-4133-8f1d-1f845c5e8cfd",
              "1cbad09d-fd15-47fb-921b-a3b561e2e473",
              "6ad3660a-c6e1-4979-a0ed-2ce0cf042a2c",
              "432552bb-6e5c-4a1c-9dc7-a36c6fc3d456",
              "09caeee3-e024-48db-8f48-630a8c2c3235",
              "21a75347-dfc0-4c31-ba51-7da26a0b1d36",
              "4af5acd6-d073-489b-83dd-83adc87b6049",
              "9f00016b-cf25-4a6f-8088-0bc9e616d1a2",
              "a10017f4-bbf6-43ed-9809-27ccf4ea2f65",
              "8fa263a7-daf4-407e-9eed-774e9ff58e9b",
              "6c810321-3c61-42fa-b7e3-c3dcacc88284",
              "09bb2712-9311-47e1-9a7d-f9ba18f4ca85",
              "b4892ff1-80dd-4103-bec2-0a134585a8bc",
              "a0519303-3e55-4751-a94e-53f388bd8b7f",
              "d88b2a10-e553-4999-8f0b-737417c4e531",
              "a8265d78-146a-47f5-8c4b-27af625f03f0",
              "a1ebc4de-e851-46f4-8368-8fe2e34719a6",
              "6df9131c-01ec-45d7-a85e-eee54bb0d7d8",
              "128ccfae-f804-4ffe-bb3c-0000a9e3027b",
              "fd6c95d5-9b9f-4901-867b-38afa0266d9c",
              "6a7d1f74-3c63-4533-a278-37da8b501c5d",
              "3ba1c572-5f18-475c-9913-3c9beaa7e233",
              "ce4f915f-0685-43ac-b145-304d19e2f944",
              "b5e750ec-85b4-490e-a381-b1aa9c7926be",
              "c984ae2d-6b95-4918-ad2e-89ce3d909445",
              "aa398039-809b-4575-901f-1662682b0a00",
              "311add68-40c0-4058-9554-58e361ad1b02",
              "6442e613-cd1d-4eb2-b545-a97d7c55b651",
              "6b02551b-6f08-4520-bbf8-14148f52c8b3",
              "d926249f-6c04-4606-9dd7-97f084a66e3d",
              "4d1ae3c2-ca8b-4652-a455-6a9321f9f145",
              "9389f2e2-975e-4eaa-a223-37fc145162f0",
              "de00e29d-1e45-42b9-9ebf-c01fe42537a1",
              "def769f8-a9ca-40db-8b29-c11801ac14a2",
              "acdd3ffc-df09-4647-a7e8-8325b458cb85",
              "4c2bd054-e3b6-4d5d-acaa-351132869f2b",
              "11258efd-7e21-47cd-b0f9-6d7c3f77bcca",
              "c5b1ddbf-3d64-4e88-ace9-10f83aa969b7",
              "233c1658-8364-4520-9fac-676eb8d2d89e",
              "3fea80ef-5b5c-4dd5-8a57-a519a50c3e0a",
              "15ad3b4e-4fe6-4d77-9ed7-97df6909f222",
              "39be2e40-aee8-43ff-84d6-27e40bd4378c",
              "47c8a0a4-6df6-4999-b4d3-2225604015b5",
              "52d370b7-dcc4-48a2-b0df-d8b6da8a7b2a",
              "b763adde-cb8a-4e99-b085-b74f7f886bfa",
              "08577d5e-68ba-4a6b-b92a-67e56e8116a1",
              "40e17cf5-8789-47ed-b00f-a918b5005a25",
              "2a5c8b35-5776-4fd2-ba7e-51718a157702",
              "e7a7e3b1-2370-451f-b91d-3a6020d1e828",
              "283de6e4-aba1-415c-8604-e6e857a1c70e",
              "ad1bc75e-b082-4ed7-a4ce-d0e90119e9b6",
              "e9f18909-3524-40ca-887d-1ed6eeb5ad47",
              "b12a0e9d-7bb5-4a1d-b569-3eda71488f81",
              "1e925ad2-280f-4288-b421-91c862f413eb",
              "663e4f4a-21a2-4f9b-a120-bba97395f49c",
              "b0d3557f-e7a3-4831-a954-abb23b674073",
              "401299ae-9488-4e1f-a4f2-8e4c77876a2b",
              "762b4793-f0db-4a43-9b66-c4c4945e398c",
              "730e763c-c830-4cce-a9e7-098be86c012b",
              "7ab276e5-c299-4b0d-8485-5de556e8cd0f",
              "69dbf287-cdbf-4d99-b72e-3eb8eaaf80ce",
              "ebb226a8-a525-4ee2-9ddc-6adf4c5b0f4b",
              "cb8fc4a1-717b-4674-8dda-da3896597d23",
              "f00bb5b9-517e-47d5-8950-f7c051e4ea6d",
              "a789b28a-6dc8-46cb-a4c3-8a41371b2b93",
              "3a74f679-a469-4e2d-a772-7f4b1c009279",
              "741ae0b1-259a-48a6-b251-64c495c7aeb5",
              "f9b21b44-d8b0-474e-94f4-7dfaccc22fa6",
              "50e3e993-2b13-4ad4-9413-365f1bd89d86",
              "156ad4c6-37b8-415a-bed2-fe3304dad4f9",
              "636740e8-bb0f-4a33-a77f-4f498675e7d5",
              "7462a6db-b5e6-4a99-90e1-710b6fb97d16",
              "d6a50bd7-69c4-4c2b-99be-9adbefc6e3dc",
              "f085204c-01b4-46a0-ae7b-1599e000ed4c",
              "a056bc1e-bccb-4cbb-a452-ba1c1e7fed37",
              "7c4d1e46-0123-4509-a7ce-0185789ac519",
              "76df85aa-b43d-48ef-85df-40c86e8386b8",
              "4adac1b4-d23b-4562-93a3-6f0cbba5c0c5",
              "36b1eddd-3871-4cb6-8c4c-d56c404af6a5",
              "71120837-8b3a-483e-b218-7db7d4c36700",
              "81df847d-0198-4b91-a231-6f832e41da77",
              "ab58ae97-c3f2-4895-94c0-eeb0e62022b1",
              "351e6a13-5acd-4d89-ba7f-95f8e3015668",
              "08465c7d-3c52-45f7-a08e-355b4f81bd66",
              "67e7d67d-4290-47c3-a3c0-7681584db0d9",
              "85451eda-ffec-4659-9540-49eef22f8ae3",
              "e561e56b-448a-4eb3-93d2-75e280738139",
              "259569a9-e602-4950-8ff2-9902d7c385c9",
              "34eca58e-9829-4af9-b6dd-41c88782345b",
              "03a570c8-e9e2-4dda-b56f-3d72fdb70a93",
              "5b0bf36a-3091-4fc0-ad9e-097b32166e33",
              "dd7d8943-5704-4061-a724-351e86240728",
              "467ef298-c4a1-4539-bb55-b820581e59e8",
              "89f0d0d0-b922-4c38-a019-63c82529aac0",
              "9a5968d6-b982-4bd0-9544-7a1ff048c1b1",
              "3c26a66a-8bc1-4f1a-b992-6a4e4ae6c5d2",
              "8e312398-8571-475c-9ef8-6fb4fefad4b5",
              "f60fcf85-54cb-42b2-815d-9205dadec933",
              "1a746b63-1be8-40fa-8c63-14ff6f79a9ef",
              "e077b131-5533-4b53-b096-3de72976f8c6",
              "e3db9e3b-4875-4a73-b1c1-36b439254d1b",
              "0c606bd0-c733-4bfc-aaf0-c516da8e1987",
              "0833ac52-978c-47c3-a078-ea11eabe56e2",
              "f87b7a35-37ac-4aad-9727-a0814015a934",
              "48f4a600-73a4-4f69-8445-0ffd1e37e885",
              "dd86bb3a-46ab-4173-9563-5770d83ef854",
              "d99c233f-969a-42ae-8769-167cbb31d839",
              "21a9d005-86d9-4917-b437-c3c9bbcf6084",
              "efe76a81-0b66-4e6d-81d3-f9143842d562",
              "90671df1-afcd-4636-895e-e1fd8ca3db57",
              "ca515d76-6467-4edd-84ab-c74cb724ef08",
              "712d8e03-d1f2-48ad-b728-8d93e7d013b8",
              "368aaa26-14a6-457b-9b7d-f02cf086a7c3",
              "1f3bb964-5848-40ea-b6e2-80a0fce4a02f",
              "e03f7030-4186-4d3f-994f-ec96bf643ac6",
              "b182d7a0-5b75-42ae-8c99-3752376998fc",
              "035bac54-6fe8-402b-b148-82f890965bbe",
              "3e9c9650-c7d3-4356-828d-a8562bcef5b4",
              "f6419f26-83a6-40c6-81ee-5df470bc713d",
              "b825e018-dc64-4568-9c95-2e09f4332333",
              "eed4556f-22ee-45c3-aee2-a7bb82d14f99",
              "672d6c30-1167-411f-96e3-0b32bfcd8f1b",
              "24216a3a-9a0a-479d-86e7-b7d5a3873424",
              "d22e9adc-9b26-49f2-9179-ac83d6792664",
              "22635c30-0349-41e8-96e5-2bc0ee673e15",
              "16af073e-59be-421a-a165-37006673dd05",
              "c2dfafd8-9fc3-426a-a72f-6ceb4f7def6c",
              "dbcdb1d7-1123-4667-a060-5b142097709a",
              "7b1ea5bf-006c-4381-a5c9-0e77f5a42e64",
              "c5bc8190-9543-4da3-a3ff-7a94b9323e80",
              "fedeb769-dedb-490c-a601-82e620f68d9c",
              "98aaee6f-c088-4efc-982a-6d2b1bf68d5b",
              "902eae69-86d1-4616-9b4f-b8bb2ae4f994",
              "417ab2e0-d976-4084-accf-ce4955e0d6c9",
              "352b74f8-308e-46f9-99d8-f74e52b98f5a",
              "7789a760-11d4-4261-ad0f-3051eec8e747",
              "2f091898-cb88-4246-b239-bb1d00192e10",
              "4ed41f82-00cd-4bcb-af52-e4d6c928a594",
              "5e9f4b7d-452c-4811-8309-03aace320c25",
              "6dafb9df-3997-4110-94a4-609538e1bac1",
              "50bf8b45-d501-4e0a-b4e6-fc7197c785eb",
              "8f92adbb-7ad6-4db3-aaaa-68c5c1b8d88f",
              "72cd1cf2-8fb1-40a2-b018-92d31f13b738",
              "46bbf27d-3fbb-4561-ad0c-e761b176dac4",
              "8606e75c-9300-484a-98d0-708b0a82baa5",
              "1feed54a-148a-4539-9ec8-6c1afe23f7f2",
              "3f49bd48-de98-4940-9250-7a6dd9ded7f6",
              "e5dcd52e-ab2c-4368-9ea7-f9e601224ef1",
              "45cabeae-90b2-4e60-acdd-f995e48e6fc5",
              "a5bee0c6-a508-48ef-9c78-41d7e495efe0",
              "b58df786-f499-4297-b0b0-52ae17f5e135",
              "23c0e8ba-afc4-4539-b27c-d81da7c06bbc",
              "8b188f2f-2b96-45cd-ad59-d0824b934483",
              "544be004-4644-40c3-a50e-f15dbea765fb",
              "c406beb3-eb09-4d3a-9d6a-a5405b718ecc",
              "355cc7a0-450d-4dd4-8d31-79ab21de80cb",
              "0dd090d7-ec25-4768-bff5-56323bfc13bf",
              "fa5ce450-a32d-4a71-b4f9-608b701f9046",
              "9a00ebad-0360-4c53-8bcc-1761192cea74",
              "df623e11-5687-420a-93ae-086eef742858",
              "23aa71e4-12d2-43dd-bd6d-48823d06f578",
              "11bcead5-e8a7-4b21-bdd7-155ce05cbd2c",
              "1f6ccd48-5845-42b2-8307-154815b11887",
              "7e10bc23-f97d-4ccb-8fac-d477e966fa49",
              "76f78cc5-a162-44ff-a4bd-89a36fc743c6",
              "3f719806-8701-430a-9ada-b47cc7b35121",
              "8e25e67a-12b9-4457-b976-22b3a04955f4",
              "38b4ebdd-2de7-412f-850a-7d7e0052b94c",
              "ed432fea-0475-4d6b-8894-bc954b736d52",
              "ecdab64c-1c45-45e1-ac43-0268050530c2",
              "07ddf626-f8ca-4b21-a7d1-8f8d47a08baf",
              "5eab4768-50f7-4b98-bc77-e1e9038d042c",
              "a497b076-346a-414f-bd42-6736fcf8e757",
              "c11c81cb-7f50-42b4-97a4-8eaa641b642e",
              "8906f292-a4ef-4a1b-b3e9-880a94cfee5c",
              "8d11c4ef-aadf-4992-a922-49668e0054ab",
              "89e55e47-cce9-4b82-9cb1-5b6a02477ed7",
              "f257918c-3ed7-417a-901b-140f91054646",
              "632f5812-abe8-449d-9ec4-436bfe610a13",
              "7c404a40-e8c8-4d8e-8889-5b763329c58e",
              "860489ee-cc17-4094-bfaf-0b70a3797dff",
              "65923a97-e604-441e-9f77-047e52696019",
              "3c411d11-aa65-4612-8639-8f3d749ec03d",
              "a235e13c-d447-4acd-9bb9-48d79f234eb2",
              "b9e35b0a-7a62-4692-a248-52456bfe179c",
              "5603b77e-6f8b-45f1-81f6-aa399e9b63cb",
              "5ea714d0-e271-4cc7-aa5b-4be08d6b1219",
              "a859c197-61f0-4446-b9b1-6617ca1ae367",
              "6dd6c1b0-285f-4175-a3d8-4424f1568fac",
              "aeb8d552-4408-48d4-a4e7-f2a7cffe9a3f",
              "7dcdf866-4ad9-45fa-a79a-9216af26a233",
              "3f7073eb-0188-4b6c-bac2-268422e1aa34",
              "63f3948c-56b1-410f-84ca-ebae0a8a3bbf",
              "fce0a4dc-5f03-4425-a5ec-cb1d11c0e0d6",
              "495953a7-469e-43e5-88b6-59fb9d3cea46",
              "bc51a56a-ef7b-4a8d-869d-26f1b0354b31",
              "693d8b27-05d6-4d7c-9740-b85e639c4126",
              "0e58643f-a0ad-42d9-9274-8b9def32680d",
              "302ef123-7e95-4785-a4ab-2e0f4ccf10b2",
              "aaa154fe-2adf-4c02-b04d-e7ba5416e01e",
              "de834637-11eb-4455-aec7-57d01413b1ba",
              "092ac4a5-747d-4203-8867-3fcf9291c2d8",
              "bce98379-34cc-4312-ac16-5374442c2ad5",
              "98784754-849a-45c4-8255-eb5ef1b6dbd7",
              "fb3168ee-429e-49c0-b460-115226f0a45d",
              "3efe8702-2aec-4c93-9830-66decdcfa46f",
              "af03a685-3b48-423b-905e-bb76347fcb96",
              "8fc5f3c9-43f9-4727-831d-2123afeac8ef",
              "a0d6a380-8d67-43fe-842c-56f602240bef",
              "1144f145-d3ac-4240-9f3e-3f9a5c40544a",
              "05b168c2-c79d-499c-b86a-0a93360d5ccc",
              "c22838c8-b70d-4a9e-a7ee-a305fc2c2ad6",
              "adb799bf-a931-4c60-83a3-18cdb2d85ed1",
              "716ac9c5-c4b9-4670-83a0-efc2d68605f8",
              "9d291e88-3722-4874-9974-4a29862f585c",
              "9522ce01-3322-4d16-90fe-3a24b93e9ce0",
              "ad6cbb30-e44f-4a61-bf6c-3f02a1727f87",
              "62100454-f4c0-47e3-baf9-218ac2ec1201",
              "e0ac3ec4-cf77-4323-b5d1-626ac9100b8d",
              "16cd787c-6c9a-42b4-86e0-1532ad4d005c",
              "7f1962d9-cffb-400a-b91c-9c297f34fac4",
              "2ae3f02f-841a-4aa6-a29b-5b4674d09372",
              "b678f544-6e1f-48a2-bad0-99aaa2bb629c",
              "563fe4f8-9fa8-4ef2-a3db-b43749ba8d62",
              "38a8aa2d-e284-432e-8d1c-18c1b8a41978",
              "38864af3-e2f4-432e-aea6-ed231aab9dbe",
              "f3bc926b-e611-4f8f-b670-3005dfbbbb44",
              "c766502c-0775-4a45-9269-82e502dc4d90",
              "8c21daa8-e29c-42b9-b84e-202403b8bef6",
              "e97bcb2c-1bee-4720-ac8f-93f91e976ca2",
              "8cf8e1be-b823-4dcc-9dc6-f845f55be056",
              "2509a0e0-8a02-454a-a8d7-c863043b2c1c",
              "2e377ee3-aefd-47b1-9500-4d3b0e69e727",
              "4b698b4f-ba7e-4cd0-b8a9-7db0ba549845",
              "361ccdd0-d7fa-4fa1-8f2f-d2ae57bc2789",
              "aa9d00dc-db63-40a1-9490-934b67621cbe",
              "0939ad1b-24ac-4b62-b8b4-70dc2d047a43",
              "12c841d8-77ef-4b15-9b07-cbe7f4ad6d09",
              "058d1f78-6ac4-4e89-be09-24b6a0404797",
              "b16e0a79-859a-420f-a407-9bd555722634",
              "f81dff25-76a3-446a-9211-d88451f6ad3d",
              "35241257-aa36-4944-a4db-4e817d658a77",
              "ac737016-144f-418c-a168-741cfe60dda3",
              "e1c901b0-cb51-4dfd-993e-e1956b3025b9",
              "e9c910e5-d4c9-4476-a7f9-9cbd7316261e",
              "6a0ffbe2-e1e2-47f2-b096-ff3ede2c187d",
              "16253afa-85b7-45c3-b4ed-40e53df984f0",
              "98e3cd6d-2ae1-4d06-b8a9-791328a2a235",
              "f3bc0e3a-8ea3-47df-a069-741044e767c8",
              "c20d6cdb-53fd-4664-83ed-a82653e1dff5",
              "b48c2769-134c-4a83-adcd-3b4d2c30a5b7",
              "0e57af78-164c-4fa1-9f50-d3e21a7b28d8",
              "47949de9-264a-4ce7-b75a-cba692130446",
              "251db23e-8d29-42d8-8a1d-91e0035e9fde",
              "7bb16013-9c06-444e-93bb-ad91b37bd9f2",
              "19a9b6bb-d44d-4f8e-bf88-01cb7678774b",
              "74d2406b-0c1b-4cd6-bce8-eb96dae84890",
              "acb39186-0302-43a5-a752-8b024f582cfc",
              "c9c70247-af27-4181-abca-0c245ea68de7",
              "64ffc4dc-bb17-41d9-9e94-94b940cc91d1",
              "a471ad52-745a-4e3b-b795-6e7d27e19762",
              "b32854a6-e100-498b-be6f-d2f1e445efc8",
              "74d87d54-dc2f-43cb-9501-158a7c306ae7",
              "b4ed763c-df2f-457b-899f-f625389dffbd",
              "a1bebadf-3c01-4f49-a60f-e4a4eb08cb35",
              "c514e3fa-241d-4158-9277-f1b322f2435d",
              "bab9adee-12a4-48f8-8c6f-334c30a1d80a",
              "e86c44c0-760f-4f30-934c-a3b1476f8a21",
              "b14b5393-2ef8-4f17-be6c-38977ff5b084",
              "a9d49fa6-6824-41c3-89bd-69107243db04",
              "5a1724d9-8f54-4223-a9a6-60a90fdcb06a",
              "8b742a44-082d-4d1d-829d-41e363c0757e",
              "c305c0f2-685b-4370-8092-90617c1a6130",
              "5610082b-593e-4f9b-947f-30cd41243436",
              "6e47706c-6b5a-4d49-8d17-cec07ea91bd2"
            ],
            "state": "active",
            "storage": "",
            "tags": [
              "openstack-5293fed8 "
            ],
            "timeouts": null,
            "updated": "2020-04-04T05:51:34Z",
            "user_data": "#cloud-config\n\nssh_authorized_keys:\n  - \"ssh-rsa AAAAB3NzaC1yc2EAAAADAQABAAABgQDDMkqScI6yHqjxN+syltA6u3y0k48d19j2yoaQ+QOieh1YKNarx0mESC9B4cR54smu7BF0/izC10BfNLp5cJ9mG7Ckl8oEyjLa+gPjpzSK8+q+PFg73UnYher4viQKGTW46PefwM0XxnZOgtNsQ+EEh3+UhW1sy/PZA3Amagj4nEzH/b9YS4C/qdYv9D518Xr0NUMRklbH7e8H7OSckUkUMorQ7gBSh+kHs8UJMSM47m/+uXeS0cxYXhzVbQZCaySEOoSHSq6SUIm7zxIYLj6SsoBEwHAshAbL6jZxLK++W8OMTISrkeCy+hwhDNkVyeleeHfFR1fM4Ne3owXosf+dX7BtwQU1GRKWQlhilkGwuHo3WNiN/KTPQGP81wGt/CY2vMtXW+D2+7TrDR1Gh3XciLUcXTTjuq8j8BE7/xQOcsJykM6t+ImRALI5ZfyZgZDsJvbDPbqbzHdev4ykFwVeo1PC98lSyphMBBV1E+drxCvXhiMqh6vE1idl6Vbtk6k= studarus@sedna\n\"",
            "wait_for_reservation_deprovision": false
          },
          "private": "eyJlMmJmYjczMC1lY2FhLTExZTYtOGY4OC0zNDM2M2JjN2M0YzAiOnsiY3JlYXRlIjoxMjAwMDAwMDAwMDAwLCJkZWxldGUiOjEyMDAwMDAwMDAwMDAsInVwZGF0ZSI6MTIwMDAwMDAwMDAwMH19",
          "dependencies": [
            "random_id.cloud"
          ]
        }
      ]
    },
    {
      "mode": "managed",
      "type": "packet_device",
      "name": "controller",
      "provider": "provider.packet",
      "instances": [
        {
          "schema_version": 0,
          "attributes": {
            "access_private_ipv4": "10.99.176.129",
            "access_public_ipv4": "147.75.65.221",
            "access_public_ipv6": "2604:1380:1:5000::1",
            "always_pxe": false,
            "billing_cycle": "hourly",
            "created": "2020-04-04T18:38:32Z",
            "deployed_facility": "ewr1",
            "description": null,
            "facilities": [
              "ewr1"
            ],
            "facility": null,
            "force_detach_volumes": false,
            "hardware_reservation_id": null,
            "hostname": "controller",
            "id": "adf69790-02e1-43a3-9f91-614f6f4dc28c",
            "ip_address": [],
            "ip_address_types": [],
            "ipxe_script_url": "",
            "locked": false,
            "network": [
              {
                "address": "147.75.65.221",
                "cidr": 31,
                "family": 4,
                "gateway": "147.75.65.220",
                "public": true
              },
              {
                "address": "2604:1380:1:5000::1",
                "cidr": 127,
                "family": 6,
                "gateway": "2604:1380:1:5000::",
                "public": true
              },
              {
                "address": "10.99.176.129",
                "cidr": 31,
                "family": 4,
                "gateway": "10.99.176.128",
                "public": false
              }
            ],
            "network_type": "layer3",
            "operating_system": "ubuntu_18_04",
            "plan": "c2.medium.x86",
            "ports": [
              {
                "bonded": true,
                "id": "b1846acc-c8aa-4b26-8870-5463d8c85739",
                "mac": "",
                "name": "bond0",
                "type": "NetworkBondPort"
              },
              {
                "bonded": true,
                "id": "8822a77b-3208-41a9-979e-dd0a75187a19",
                "mac": "ec:0d:9a:c0:01:9c",
                "name": "eth0",
                "type": "NetworkPort"
              },
              {
                "bonded": true,
                "id": "7bb14f84-e7d0-498e-b07d-20db9a84a8f8",
                "mac": "ec:0d:9a:c0:01:9d",
                "name": "eth1",
                "type": "NetworkPort"
              }
            ],
            "project_id": "6462e895-a848-45e0-8e55-40dd6bde4782",
            "project_ssh_key_ids": null,
            "public_ipv4_subnet_size": 31,
            "root_password": "]2x*Fj7W3q",
            "ssh_key_ids": [
              "c406beb3-eb09-4d3a-9d6a-a5405b718ecc",
              "544be004-4644-40c3-a50e-f15dbea765fb",
              "335663aa-38c8-4780-a729-23da3049c0d1",
              "80b9f425-0841-4d0c-aa99-b8d817aa210a",
              "52ee248d-487c-4e21-ad5c-a0844a436bdd",
              "5943e51f-fcf2-4903-b77a-e7294b97756d",
              "d9ba2f64-49a5-45ee-af9f-7d4576bb2042",
              "ccd8013e-22e0-40a1-9c76-04dfa92c9097",
              "cf00f5e8-f362-409c-bab0-ae7b7af96cc4",
              "b28585c6-11d2-42ed-80c4-5aca06afc19e",
              "d5fd1cb0-ef27-4bc6-9017-f16889d5b428",
              "da0fb5ef-effb-4414-866c-e21c892266a1",
              "3029294a-b40e-4fa4-a9c8-296f896f2fbf",
              "6857e00b-44ff-4508-86fb-20f4553993a8",
              "acc1fcea-f60d-4b4e-a16d-a939e3749615",
              "2838c153-f870-4e9d-83a6-5900a37e53d0",
              "b84a3bac-6397-417f-9b31-6225fb14d5db",
              "15499a1f-a181-4b84-ab9b-2534ab0ed471",
              "a10d3182-a122-4804-b572-cd2640e2873b",
              "2eb7e48b-e2fc-48b1-b0ce-e6a872772afa",
              "44792a5f-5ed1-432d-9201-cef0dc8cf892",
              "c0bb8f9b-c47c-476b-a126-fc8639ce829f",
              "045c507e-a93f-4197-93e8-bdf80b5c509e",
              "2599980a-d29b-4e91-ab02-adaf3da23a28",
              "eb88b553-92a2-4601-a7ca-2187812f8e1b",
              "4d573ab5-8802-4517-b6d2-e7067c4021d7",
              "4a48fc06-acb6-4a69-9d7a-abaca450d42b",
              "2b2498c7-4c8d-4441-acf8-70758f202299",
              "608cc5ae-0b7c-4ee6-84c9-ca59a1e232e0",
              "df9b07f9-faae-4012-80f8-783adb7d70cd",
              "2e228c42-18fd-483b-ab62-4b80c4dbdbec",
              "099b00a5-aa7f-408b-80c3-aec26de14da0",
              "49144858-d436-4919-a5c2-3d18ef0df757",
              "d713c32e-db0b-4a86-ab9c-7d7605203b21",
              "abd25726-d3f9-45c0-81f8-a128b0eccbb8",
              "b861d988-7ddf-4117-a8c8-ce7ce1a113f2",
              "b01918a4-1f83-4ac2-bb56-69cbcb173e5e",
              "cf114ecc-eeff-43e1-b5e3-ad8fc31f36c1",
              "87264e57-5b4a-4f0e-a82f-06921ba4dec0",
              "73401380-7099-455c-8e62-781908c2a853",
              "b2be56a6-3ee5-4e55-ae7a-2b1f90a31606",
              "eaa99f43-e50f-4fe7-b616-a8d21d7252fe",
              "0df58e35-d73e-4f72-b772-621ac6ccc86d",
              "f16d112f-db01-470a-a051-21c52f93937e",
              "250559f8-1c36-41bb-8905-40506c5fa79f",
              "e193e5b1-1d4b-4285-ac01-e3dea0787283",
              "7d19db99-0c85-49c8-b87b-0c43230a794b",
              "a59dbc16-52af-4480-99a8-74dba8057992",
              "ed9abbb3-bfc3-479c-aabe-145a92f3005d",
              "59a1be3f-b4b2-4c18-a5fb-03acb803d2aa",
              "408c292c-ebd3-43d5-bdf4-dbbb4dce74bf",
              "2743ea85-892d-487e-92d6-d81bede3d105",
              "3709d870-68b2-419d-8c38-29d32e1586e6",
              "484fd7f6-53f8-41d6-ab8f-318aae57a627",
              "45d1229f-886a-4fcf-a064-922a4864d2b4",
              "f27c9f98-a018-42f7-9b1b-87485dfdd9c6",
              "26a12723-7c21-413c-9a27-2bc02f86226f",
              "a9e5d644-bdc9-4d88-aa57-fc86ede0bcad",
              "c4398053-613d-4b9e-92a2-d45d01af8947",
              "7848ca5e-6a02-4bb9-ae81-d3ad1ae1c8fa",
              "d21dceb7-7ca7-4c82-9417-a251679c235b",
              "48b06ea7-e1ac-426d-91f7-928a084f2ca0",
              "ceed18d2-c325-4ec0-a24c-54f91c8ea5e9",
              "17997daa-237c-4523-87cc-8ff46538ea98",
              "e6cf9448-9b37-4576-8798-b0d14d3f63af",
              "e31e99c8-5150-4fcb-815a-fc120a4bbd84",
              "3444fbca-522d-423b-ad12-1f1bec86d340",
              "1609f395-f0ce-4429-bb6f-f04195b602e3",
              "2cc9c53c-443b-4581-ba74-6b34f45082c3",
              "efced541-09e9-4f43-bdb5-393db4792671",
              "c49d9fa2-acd5-4422-b6d0-3593d63539cd",
              "10c8deee-5f23-4376-b03d-3674798a3599",
              "3263076a-6221-4962-adf2-039de8d4d095",
              "260fa9b1-cfd0-4129-8366-dad01c112992",
              "4577afcc-108e-40d3-91c0-d42f7eadf487",
              "38630401-27f3-46b5-8864-b334ec7bd206",
              "a2679217-0896-4cc3-bb2e-73521719c718",
              "3cd5fd38-da7c-4ecb-8d2f-3bc45e862f1c",
              "7c646905-72fc-492d-81a3-5dc3d0997a16",
              "38f71800-9988-41aa-823f-755d1807fc83",
              "f4374db5-0b0e-487e-b4ca-6fec8ee51e0f",
              "909f2cb8-2654-438c-9378-e8851e0ada3d",
              "675d3818-23e9-46fa-98f8-166c4a8e8881",
              "2371a745-b8f3-48c2-900a-43bac0ac22a4",
              "da2dbf95-4aec-4506-b954-eee77fbe509b",
              "0331b82d-0fa5-41fe-826e-518ef67e9c08",
              "2b31ea8b-b1b6-4481-822a-8422eb321e3a",
              "fbc1d48c-54ef-4efb-9d49-e3f36af944e3",
              "04e4eb86-7635-4c55-b170-12a0dfd9f3ac",
              "c753ea68-9789-4877-bb11-b6bb1a32b247",
              "3ce2fd17-3ccc-4688-be76-e87fe22dfb61",
              "983bb062-de68-4133-8f1d-1f845c5e8cfd",
              "6ad3660a-c6e1-4979-a0ed-2ce0cf042a2c",
              "1cbad09d-fd15-47fb-921b-a3b561e2e473",
              "432552bb-6e5c-4a1c-9dc7-a36c6fc3d456",
              "09caeee3-e024-48db-8f48-630a8c2c3235",
              "4af5acd6-d073-489b-83dd-83adc87b6049",
              "21a75347-dfc0-4c31-ba51-7da26a0b1d36",
              "9f00016b-cf25-4a6f-8088-0bc9e616d1a2",
              "a10017f4-bbf6-43ed-9809-27ccf4ea2f65",
              "8fa263a7-daf4-407e-9eed-774e9ff58e9b",
              "6c810321-3c61-42fa-b7e3-c3dcacc88284",
              "09bb2712-9311-47e1-9a7d-f9ba18f4ca85",
              "b4892ff1-80dd-4103-bec2-0a134585a8bc",
              "a0519303-3e55-4751-a94e-53f388bd8b7f",
              "a8265d78-146a-47f5-8c4b-27af625f03f0",
              "d88b2a10-e553-4999-8f0b-737417c4e531",
              "6df9131c-01ec-45d7-a85e-eee54bb0d7d8",
              "a1ebc4de-e851-46f4-8368-8fe2e34719a6",
              "fd6c95d5-9b9f-4901-867b-38afa0266d9c",
              "128ccfae-f804-4ffe-bb3c-0000a9e3027b",
              "6a7d1f74-3c63-4533-a278-37da8b501c5d",
              "b5e750ec-85b4-490e-a381-b1aa9c7926be",
              "ce4f915f-0685-43ac-b145-304d19e2f944",
              "3ba1c572-5f18-475c-9913-3c9beaa7e233",
              "c984ae2d-6b95-4918-ad2e-89ce3d909445",
              "aa398039-809b-4575-901f-1662682b0a00",
              "311add68-40c0-4058-9554-58e361ad1b02",
              "6442e613-cd1d-4eb2-b545-a97d7c55b651",
              "6b02551b-6f08-4520-bbf8-14148f52c8b3",
              "7e2c5a9f-9066-4762-ac6a-9a7cf194ae40",
              "3d2a8d82-1bc8-49c2-ba11-864dda4631e4",
              "b48324c8-d6ee-47bb-8f13-1637a6d691f5",
              "f9b21b44-d8b0-474e-94f4-7dfaccc22fa6",
              "ab58ae97-c3f2-4895-94c0-eeb0e62022b1",
              "67e7d67d-4290-47c3-a3c0-7681584db0d9",
              "08465c7d-3c52-45f7-a08e-355b4f81bd66",
              "50e3e993-2b13-4ad4-9413-365f1bd89d86",
              "156ad4c6-37b8-415a-bed2-fe3304dad4f9",
              "636740e8-bb0f-4a33-a77f-4f498675e7d5",
              "e03f7030-4186-4d3f-994f-ec96bf643ac6",
              "712d8e03-d1f2-48ad-b728-8d93e7d013b8",
              "035bac54-6fe8-402b-b148-82f890965bbe",
              "b182d7a0-5b75-42ae-8c99-3752376998fc",
              "7462a6db-b5e6-4a99-90e1-710b6fb97d16",
              "d6a50bd7-69c4-4c2b-99be-9adbefc6e3dc",
              "7b1ea5bf-006c-4381-a5c9-0e77f5a42e64",
              "dbcdb1d7-1123-4667-a060-5b142097709a",
              "1f3bb964-5848-40ea-b6e2-80a0fce4a02f",
              "21a9d005-86d9-4917-b437-c3c9bbcf6084",
              "07fc5572-45ec-4fbc-a763-0c3d160f26d2",
              "08a8f7e5-b848-4397-9e13-38bb8886e40c",
              "ec8f6642-98b7-440d-b9e7-a8c296bf5f9d",
              "b69e68dc-c098-45bd-bb27-a8d9f7591597",
              "f085204c-01b4-46a0-ae7b-1599e000ed4c",
              "a056bc1e-bccb-4cbb-a452-ba1c1e7fed37",
              "f87b7a35-37ac-4aad-9727-a0814015a934",
              "04193283-c121-4b68-ad63-0949f9af3f54",
              "c6ab41cd-d974-4b36-8e12-a75a289e7787",
              "78a225dd-e1a4-4817-acdd-76bc1d4c0473",
              "44b76d9f-b9cb-4ce8-87cf-4974619d3a46",
              "7a599787-f97b-4380-86f7-8ebe0004ecc3",
              "1ace4a71-9569-4703-942d-2471fa34bfff",
              "85130bc4-4759-43ce-ab62-4b126ed9c4fe",
              "4b7243e0-e5c5-4f8e-bb72-d209cbdc12fa",
              "4cfb468b-8f07-4916-902a-46b90cd81315",
              "4152f100-14bf-485b-84e9-a9431d0023e7",
              "9caa8cac-5358-4026-86e6-75fcd43cce7d",
              "b57f8f54-ab5d-4e7d-a7e0-562e904b829f",
              "32276e18-f528-4375-8f7e-40997a9b60a4",
              "8080b1bf-504b-454b-9805-d20c8608b96a",
              "8648676e-238b-49ef-a84e-991a8e644d56",
              "d3e95893-cdc0-44cf-8097-e667930fb60c",
              "2abf5a7e-8b64-411a-92c8-c15e963481ee",
              "c66b58ae-94f3-4e19-b6a3-0801946303ad",
              "245635ea-ad3e-46af-8fbb-196696ef670a",
              "7ca420d2-6c87-4715-b824-2bbb64eec407",
              "b279eda3-41ee-4eb3-b9ee-0cc808f3e044",
              "fe5624c8-e3bf-410b-89d2-00d96c1435cf",
              "2b2e94f7-b372-4e00-a9e2-a853ea689ff2",
              "d3301f20-8c1a-4c76-95b9-e0ec781d8e50",
              "76dc5e07-47d7-401a-928d-008d500f8bbe",
              "964f4516-f880-43aa-b5af-c9411b2529e2",
              "a1d17fc0-82ce-44df-8c11-4012d834cfdd",
              "be6799bd-ba2f-4878-b06c-c8e0c6db68f2",
              "d01ce94f-09f4-4f8c-b807-ffe3b9f0ab8e",
              "7ea3855d-2931-4e2f-bb93-b20c0195a608",
              "6a2330e7-0c9a-4212-b0e9-1aa73c4e5c25",
              "af8cb83a-6f5e-4e16-b00f-ee3a92a4b812",
              "78b276ee-e883-46fb-a339-b8c892c63431",
              "af528d3d-2497-4931-9c7d-664f54053bcb",
              "9f124c71-a926-4960-90b5-46aab25a8037",
              "985089d9-c4ba-4bf7-bf31-07c7aa8defb0",
              "8cefa73f-14d7-4a86-be15-81cd75a20c8e",
              "d94d8973-270f-4d3e-9141-57583e88f6f4",
              "ad4ddfd0-77d7-45f8-9bef-0bd85367903a",
              "919930b5-259d-49a9-8f41-864f2baeb4c3",
              "4f0cbb71-b5f0-4596-806d-34e93593ea94",
              "9856ce11-cb34-4918-aca3-8fbe4f709df2",
              "2d71390f-3884-4d5c-b1c6-a922f23956c4",
              "274215ae-88e2-4043-90a9-76545540ad54",
              "466053e6-c3e7-4a24-8cb4-0062d8704c44",
              "fa8b1f60-9a85-42fe-8c17-b33ade3eb57b",
              "381263ce-247e-4fc7-92a6-0fc6caaf9fd1",
              "deca600f-2751-4e4f-b767-2b95f9495d46",
              "a6c6a022-94c4-41c9-98fe-ea205527197e",
              "4eba3695-6a60-4945-ba78-d632d8f24f6e",
              "489dcad8-5d35-4f46-b9d9-58d42d4dd9de",
              "a9348e41-e872-4f93-8507-22619249b4b6",
              "7550048e-d95e-4461-8578-cbed369d3bbd",
              "b0d71788-92e6-4b41-b433-88b3c26c5f4b",
              "3c76e42d-f8c4-42c7-abb2-0612d17ed24d",
              "ee13e984-70fb-4f30-be94-ffba79ce4e28",
              "739c7850-06eb-4674-a1d6-3c0a0fcc2977",
              "25ef732f-d188-40bc-9b3e-802ab2143939",
              "3c3a5c91-357e-456a-8591-f8ed25f567b0",
              "65973bd0-8eb0-4e41-b412-ccafb94d19c2",
              "528efb17-92ae-4ae8-a21f-741473318ebb",
              "ec8f399c-78f0-42c1-9b65-6d166b7e19ca",
              "3ae4a916-d59c-4e4e-98b2-f4d58146e007",
              "d7a0eb90-5cca-4f22-a920-977b072ca7b3",
              "00479a9f-302b-4904-9c31-e87e509bf556",
              "ad24b0ac-44d6-47fd-81b9-5703cdebabad",
              "2f091898-cb88-4246-b239-bb1d00192e10",
              "4ed41f82-00cd-4bcb-af52-e4d6c928a594",
              "5e9f4b7d-452c-4811-8309-03aace320c25",
              "50bf8b45-d501-4e0a-b4e6-fc7197c785eb",
              "6dafb9df-3997-4110-94a4-609538e1bac1",
              "8f92adbb-7ad6-4db3-aaaa-68c5c1b8d88f",
              "72cd1cf2-8fb1-40a2-b018-92d31f13b738",
              "46bbf27d-3fbb-4561-ad0c-e761b176dac4",
              "8606e75c-9300-484a-98d0-708b0a82baa5",
              "1feed54a-148a-4539-9ec8-6c1afe23f7f2",
              "3f49bd48-de98-4940-9250-7a6dd9ded7f6",
              "e5dcd52e-ab2c-4368-9ea7-f9e601224ef1",
              "45cabeae-90b2-4e60-acdd-f995e48e6fc5",
              "a5bee0c6-a508-48ef-9c78-41d7e495efe0",
              "b58df786-f499-4297-b0b0-52ae17f5e135",
              "8b188f2f-2b96-45cd-ad59-d0824b934483",
              "23c0e8ba-afc4-4539-b27c-d81da7c06bbc",
              "48e127b3-886f-46c6-8cca-78af6c1d055a",
              "ebe3733c-45e1-4a12-8f85-d9233f91231b",
              "25e0301a-35e5-4723-83ec-3d5dc166c1a3",
              "b195f78b-f454-4675-8207-cf092c215d55",
              "87f029b7-32a3-4cc2-a2a3-fb030f1bcea7",
              "4fe19d23-5db9-4946-a984-0b06b8a81dc8",
              "dfa3ce46-bee1-4e21-9002-aa53ab56df6c",
              "6ba6dd9f-46e1-4a3a-85e6-6c81a2268a8b",
              "a21a9a45-a59f-4ce4-8a69-2e381f39dc48",
              "a9e49d8d-ffbe-431e-822b-181debf9ab4b",
              "39211f53-ea99-48be-8909-ec11fae992a1",
              "83fded38-84ba-4c0e-9729-69582b8f9ce8",
              "a50abe9b-c8ef-4d22-8bbe-4e69376d4825",
              "2ed9e443-b7ed-43f9-a079-5fd5f7e38d99",
              "41341471-b84c-433b-90b4-1eded79828bc",
              "4d4c3e4f-357f-454c-a2d4-41107d8eb6d1",
              "5826a5a6-b58e-4fa7-8368-35fecb873a4e",
              "eace2e3a-af02-45d7-ab5c-64336514e939",
              "fbc24819-492d-4fdb-9ab3-99fb4cc513b7",
              "20be8422-4e65-4fec-922c-8824a127c8ce",
              "77ce0ba8-4c99-447d-8841-abad268c5b8a",
              "26c99c4b-07e6-4d73-a41d-f47c583acd02",
              "6fd7ad08-4111-4cfc-b393-3a5cac185b6d",
              "1308333d-526b-4ea0-b5a8-086b6fd504eb",
              "afc9e99b-8816-4b86-8246-90935669baf5",
              "4fca150b-d7a6-44d3-9e5f-d26dc3fdd1ce",
              "057f3024-a60e-448f-b418-87362c48dffb",
              "2ae1d7a4-caf6-49a7-9fc9-098260c818a4",
              "efe34a8a-b529-46a6-a8bc-01416b5d10ac",
              "45e156ad-4f46-4bfb-b2d8-fd883ee7543f",
              "77fd75f1-05d4-44cb-9bd4-c63af2c69e55",
              "93da1f2b-a3ac-43b6-a05b-3a77c15eecf1",
              "f29c2c7e-7fd3-4ad0-87dd-116211d49765",
              "348db7a1-2280-4294-a12e-179eba68d602",
              "5e21877a-e2cd-4d31-a55a-e0bc43867969",
              "9ad3196a-61d0-4605-954d-0b017f9789e0",
              "7359dcb2-b568-4ef8-ab1f-4f1045c1275e",
              "59272fc5-f3fe-402d-b099-9bd7b6b0f917",
              "9704f226-e29c-4591-ba16-f41771943ddb",
              "835b4dce-0336-433b-82ec-e8f543b6fedc",
              "990c4c36-f5e5-45d1-bce5-f51f0afb91c6",
              "fc9fadb7-146c-445a-8231-85f1252f3211",
              "5dbe263f-4c9e-4a85-ad6e-39692abc8b7a",
              "ea9d3bc4-a01c-4d2b-9fa8-459e3e561aa0",
              "0896ae8e-cba6-4550-8ede-e905fa8e7040",
              "a6fbf3d5-17b0-48f3-9463-479d84116d1a",
              "0a7e803b-23a6-467c-bf2b-6c89075e832d",
              "ffbda292-2f53-41bf-a1db-2c708e1fd88b",
              "c30177c9-e977-4578-aa1f-e79edb2d133e",
              "7a549c9f-6c2e-480a-8110-67c0b4c2cf45",
              "699fd34f-054f-4a60-9ab1-a05e5f7488f3",
              "d067e6a7-87cd-47df-9e4a-7c69fa934c32",
              "ce8a1d78-8bc5-414a-a98e-e658ed6fafdf",
              "89007455-0685-4f18-9784-b2965bee1d5f",
              "165a14a1-9531-4d49-a75b-e951cbc1154f",
              "4dda1c4a-c6e4-4f88-9a8e-f2dca120442c",
              "a6ddda41-74b0-4abd-b04f-ad5ec39bc5b5",
              "569bac06-b2ad-46f5-8b99-7640abd59e10",
              "140c7410-c0a6-4c8a-a595-e37d53a8002a",
              "7dbbffc9-e48e-4ed0-b6fe-65aba20fe035",
              "089deab1-1b2b-4fbd-a9f3-0315febf6363",
              "0d22f350-6582-471c-a689-2f4d9383bbe7",
              "6d1edb61-22c9-4d32-981e-3527ab403c96",
              "26eb0537-3406-4033-89a5-9eb76f19decf",
              "9cbef5ff-95c5-412a-824b-20aaea24cbac",
              "5ad7cf08-6211-405c-bd93-34ac2c9e3476",
              "5c172258-1789-46a5-8ed9-940aca66a299",
              "014dc011-526c-421d-ae15-c90c936d691b",
              "6f1bd730-56c8-49f2-b064-52c2e34f979f",
              "34f61ff6-bb8a-454c-8b52-2e93fb670f82",
              "84a278e7-bd1d-4a1e-a092-2feb4b89b11d",
              "ceb16289-7f56-430a-b416-1d11bdede9d0",
              "b70d3580-9ee5-4b6c-ac97-b567a9f276b1",
              "27d699df-43be-4ef6-9cd4-675f82bfda9a",
              "cb799ea2-37f7-4472-aefb-7bd8703b07c1",
              "8556a314-280c-4a03-b792-118158115105",
              "4057fe97-2882-457c-9f3a-56b2decda9ef",
              "875effe8-cd48-4c0b-9ad9-a6004c967607",
              "aa3a2881-70d8-4391-941d-60394a54b531",
              "7d572d2d-cc07-41ef-881d-e5cd583cb568",
              "28a150fc-0f89-40a7-9522-c25cd9bf73a9",
              "dfc7a07f-24db-4500-8d89-fe482501d487",
              "44bd246c-5b7b-4e7e-919e-07be8d3bcfc6",
              "38fab524-60dc-4014-ac41-fcc7389337ce",
              "539c53e6-687a-4e8e-bca7-441456d125f4",
              "ed8d5450-d043-48bb-b4c1-fedef3f03ac2",
              "92bf389c-3c55-4371-86a4-c98f6248ed32",
              "c58b46fe-cf13-41f5-9fa6-ae18a224a2be",
              "6b8b4103-9681-4c0f-a01a-2c566000b3ef",
              "fd420f75-a450-4ed6-a0e9-e5534990ec16",
              "10efe58b-9862-467c-8466-9428004bb895",
              "7954eb30-4293-4acf-a453-ad3e48059522",
              "950f944d-8f96-456b-a2ec-a660380cdbe5",
              "2413ff03-4c37-450b-8651-ac7496599860",
              "ba088661-88ed-4754-b425-ccc4715ef4ac",
              "e1b81578-87a7-4c76-bfd1-18965da7a506",
              "355cc7a0-450d-4dd4-8d31-79ab21de80cb",
              "0dd090d7-ec25-4768-bff5-56323bfc13bf",
              "fa5ce450-a32d-4a71-b4f9-608b701f9046",
              "9a00ebad-0360-4c53-8bcc-1761192cea74",
              "df623e11-5687-420a-93ae-086eef742858",
              "23aa71e4-12d2-43dd-bd6d-48823d06f578",
              "11bcead5-e8a7-4b21-bdd7-155ce05cbd2c",
              "7e10bc23-f97d-4ccb-8fac-d477e966fa49",
              "1f6ccd48-5845-42b2-8307-154815b11887",
              "76f78cc5-a162-44ff-a4bd-89a36fc743c6",
              "3f719806-8701-430a-9ada-b47cc7b35121",
              "8e25e67a-12b9-4457-b976-22b3a04955f4",
              "38b4ebdd-2de7-412f-850a-7d7e0052b94c",
              "ed432fea-0475-4d6b-8894-bc954b736d52",
              "ecdab64c-1c45-45e1-ac43-0268050530c2",
              "07ddf626-f8ca-4b21-a7d1-8f8d47a08baf",
              "5eab4768-50f7-4b98-bc77-e1e9038d042c",
              "a497b076-346a-414f-bd42-6736fcf8e757",
              "c11c81cb-7f50-42b4-97a4-8eaa641b642e",
              "8906f292-a4ef-4a1b-b3e9-880a94cfee5c",
              "8d11c4ef-aadf-4992-a922-49668e0054ab",
              "89e55e47-cce9-4b82-9cb1-5b6a02477ed7",
              "f257918c-3ed7-417a-901b-140f91054646",
              "7c404a40-e8c8-4d8e-8889-5b763329c58e",
              "d926249f-6c04-4606-9dd7-97f084a66e3d",
              "bd301f70-d142-4bdf-bd19-a5515ea967bc",
              "21f4599a-5397-4f7f-8d6d-32ba441c585b",
              "b56d29a5-c83a-4987-9840-f29caf9f0bf5",
              "1b7e9dc5-ac80-4cf5-b5af-f7e6201bc3c6",
              "368aaa26-14a6-457b-9b7d-f02cf086a7c3",
              "b825e018-dc64-4568-9c95-2e09f4332333",
              "5b0bf36a-3091-4fc0-ad9e-097b32166e33",
              "89f0d0d0-b922-4c38-a019-63c82529aac0",
              "81df847d-0198-4b91-a231-6f832e41da77",
              "85451eda-ffec-4659-9540-49eef22f8ae3",
              "71120837-8b3a-483e-b218-7db7d4c36700",
              "a8fe1ec1-32da-4568-a592-31e8fe0cb349",
              "5e0cf920-34c5-42ec-9031-39b0aecbc3da",
              "e3db9e3b-4875-4a73-b1c1-36b439254d1b",
              "0c606bd0-c733-4bfc-aaf0-c516da8e1987",
              "e077b131-5533-4b53-b096-3de72976f8c6",
              "0833ac52-978c-47c3-a078-ea11eabe56e2",
              "24216a3a-9a0a-479d-86e7-b7d5a3873424",
              "fedeb769-dedb-490c-a601-82e620f68d9c",
              "98aaee6f-c088-4efc-982a-6d2b1bf68d5b",
              "29bde5bb-16d3-4dc4-ac3f-8185a0b690db",
              "4d6408bb-a421-4bf6-aff7-fa53232aebd6",
              "f9e7f079-c0de-4fa5-a413-b80f3ac365eb",
              "a9902f2c-dd53-4f5b-a7a7-15a225f1790f",
              "a92e31f1-dc2b-4442-ba3c-dbf28d33a102",
              "35b188d6-a611-46e8-934d-3c49e82cc1b9",
              "98069023-ac01-45da-a1dc-3c8cd6585428",
              "cbe9e030-ed48-44e5-b2e1-35c2c7471f6a",
              "81425fa2-c863-44c3-9d8b-57b8ca39d88d",
              "b7d50f6f-19fc-4afb-a573-31a8e1db06ad",
              "ca515d76-6467-4edd-84ab-c74cb724ef08",
              "4d1ae3c2-ca8b-4652-a455-6a9321f9f145",
              "9389f2e2-975e-4eaa-a223-37fc145162f0",
              "de00e29d-1e45-42b9-9ebf-c01fe42537a1",
              "def769f8-a9ca-40db-8b29-c11801ac14a2",
              "acdd3ffc-df09-4647-a7e8-8325b458cb85",
              "11258efd-7e21-47cd-b0f9-6d7c3f77bcca",
              "4c2bd054-e3b6-4d5d-acaa-351132869f2b",
              "c5b1ddbf-3d64-4e88-ace9-10f83aa969b7",
              "233c1658-8364-4520-9fac-676eb8d2d89e",
              "3fea80ef-5b5c-4dd5-8a57-a519a50c3e0a",
              "47c8a0a4-6df6-4999-b4d3-2225604015b5",
              "39be2e40-aee8-43ff-84d6-27e40bd4378c",
              "15ad3b4e-4fe6-4d77-9ed7-97df6909f222",
              "52d370b7-dcc4-48a2-b0df-d8b6da8a7b2a",
              "20a63f97-8d66-4717-a469-158245f7e49d",
              "351e6a13-5acd-4d89-ba7f-95f8e3015668",
              "902eae69-86d1-4616-9b4f-b8bb2ae4f994",
              "11bb7a98-e7ee-4c45-8661-2756f8966ed3",
              "eed4556f-22ee-45c3-aee2-a7bb82d14f99",
              "d22e9adc-9b26-49f2-9179-ac83d6792664",
              "c5bc8190-9543-4da3-a3ff-7a94b9323e80",
              "7789a760-11d4-4261-ad0f-3051eec8e747",
              "ff4edf74-1f0d-4ced-992f-887b348c6e84",
              "49272720-dd74-41b7-a8ba-8e0ca246dd7b",
              "78263c66-9d86-4a64-a876-56af919cd628",
              "b763adde-cb8a-4e99-b085-b74f7f886bfa",
              "82aafe0b-5329-4034-8d11-8601a586449f",
              "08577d5e-68ba-4a6b-b92a-67e56e8116a1",
              "36b1eddd-3871-4cb6-8c4c-d56c404af6a5",
              "47991eca-a81c-4ca4-a59d-f369a25ee97f",
              "2a5c8b35-5776-4fd2-ba7e-51718a157702",
              "40e17cf5-8789-47ed-b00f-a918b5005a25",
              "283de6e4-aba1-415c-8604-e6e857a1c70e",
              "e7a7e3b1-2370-451f-b91d-3a6020d1e828",
              "ad1bc75e-b082-4ed7-a4ce-d0e90119e9b6",
              "1e925ad2-280f-4288-b421-91c862f413eb",
              "b12a0e9d-7bb5-4a1d-b569-3eda71488f81",
              "e9f18909-3524-40ca-887d-1ed6eeb5ad47",
              "663e4f4a-21a2-4f9b-a120-bba97395f49c",
              "b0d3557f-e7a3-4831-a954-abb23b674073",
              "401299ae-9488-4e1f-a4f2-8e4c77876a2b",
              "762b4793-f0db-4a43-9b66-c4c4945e398c",
              "7ab276e5-c299-4b0d-8485-5de556e8cd0f",
              "730e763c-c830-4cce-a9e7-098be86c012b",
              "69dbf287-cdbf-4d99-b72e-3eb8eaaf80ce",
              "cb8fc4a1-717b-4674-8dda-da3896597d23",
              "ebb226a8-a525-4ee2-9ddc-6adf4c5b0f4b",
              "f00bb5b9-517e-47d5-8950-f7c051e4ea6d",
              "46550433-47ab-491f-a2eb-d5b9354ef969",
              "1588b78f-078b-40a3-9dc3-66a08fd2395b",
              "352b74f8-308e-46f9-99d8-f74e52b98f5a",
              "a789b28a-6dc8-46cb-a4c3-8a41371b2b93",
              "f33ff4d7-f81f-4650-b214-c8e30f4fb634",
              "417ab2e0-d976-4084-accf-ce4955e0d6c9",
              "92086388-452e-4207-a5f3-e0abd6d7abc4",
              "c34171db-6d76-4545-b092-91286e6e4e7f",
              "082c71df-7c5d-4bcf-bbb5-b681e2f20327",
              "ce96ce78-0875-4668-ab64-9727fad74a5f",
              "8e312398-8571-475c-9ef8-6fb4fefad4b5",
              "3c26a66a-8bc1-4f1a-b992-6a4e4ae6c5d2",
              "3a74f679-a469-4e2d-a772-7f4b1c009279",
              "4adac1b4-d23b-4562-93a3-6f0cbba5c0c5",
              "76df85aa-b43d-48ef-85df-40c86e8386b8",
              "7c4d1e46-0123-4509-a7ce-0185789ac519",
              "741ae0b1-259a-48a6-b251-64c495c7aeb5",
              "03a570c8-e9e2-4dda-b56f-3d72fdb70a93",
              "e561e56b-448a-4eb3-93d2-75e280738139",
              "dd86bb3a-46ab-4173-9563-5770d83ef854",
              "9a5968d6-b982-4bd0-9544-7a1ff048c1b1",
              "1a746b63-1be8-40fa-8c63-14ff6f79a9ef",
              "48f4a600-73a4-4f69-8445-0ffd1e37e885",
              "d99c233f-969a-42ae-8769-167cbb31d839",
              "efe76a81-0b66-4e6d-81d3-f9143842d562",
              "90671df1-afcd-4636-895e-e1fd8ca3db57",
              "f6419f26-83a6-40c6-81ee-5df470bc713d",
              "3e9c9650-c7d3-4356-828d-a8562bcef5b4",
              "c2dfafd8-9fc3-426a-a72f-6ceb4f7def6c",
              "16af073e-59be-421a-a165-37006673dd05",
              "22635c30-0349-41e8-96e5-2bc0ee673e15",
              "672d6c30-1167-411f-96e3-0b32bfcd8f1b",
              "259569a9-e602-4950-8ff2-9902d7c385c9",
              "467ef298-c4a1-4539-bb55-b820581e59e8",
              "dd7d8943-5704-4061-a724-351e86240728",
              "f60fcf85-54cb-42b2-815d-9205dadec933",
              "34eca58e-9829-4af9-b6dd-41c88782345b",
              "7676372c-a73f-4a47-b04a-be2b82ccd406",
              "67974cb3-747d-4af0-86fe-ae357d9411d7",
              "5fe1ab1c-673a-41d4-a09d-36806c6584a7",
              "632f5812-abe8-449d-9ec4-436bfe610a13",
              "860489ee-cc17-4094-bfaf-0b70a3797dff",
              "65923a97-e604-441e-9f77-047e52696019",
              "3c411d11-aa65-4612-8639-8f3d749ec03d",
              "a235e13c-d447-4acd-9bb9-48d79f234eb2",
              "b9e35b0a-7a62-4692-a248-52456bfe179c",
              "5603b77e-6f8b-45f1-81f6-aa399e9b63cb",
              "5ea714d0-e271-4cc7-aa5b-4be08d6b1219",
              "a859c197-61f0-4446-b9b1-6617ca1ae367",
              "6dd6c1b0-285f-4175-a3d8-4424f1568fac",
              "aeb8d552-4408-48d4-a4e7-f2a7cffe9a3f",
              "7dcdf866-4ad9-45fa-a79a-9216af26a233",
              "3f7073eb-0188-4b6c-bac2-268422e1aa34",
              "63f3948c-56b1-410f-84ca-ebae0a8a3bbf",
              "fce0a4dc-5f03-4425-a5ec-cb1d11c0e0d6",
              "495953a7-469e-43e5-88b6-59fb9d3cea46",
              "bc51a56a-ef7b-4a8d-869d-26f1b0354b31",
              "693d8b27-05d6-4d7c-9740-b85e639c4126",
              "0e58643f-a0ad-42d9-9274-8b9def32680d",
              "302ef123-7e95-4785-a4ab-2e0f4ccf10b2",
              "aaa154fe-2adf-4c02-b04d-e7ba5416e01e",
              "de834637-11eb-4455-aec7-57d01413b1ba",
              "092ac4a5-747d-4203-8867-3fcf9291c2d8",
              "bce98379-34cc-4312-ac16-5374442c2ad5",
              "98784754-849a-45c4-8255-eb5ef1b6dbd7",
              "fb3168ee-429e-49c0-b460-115226f0a45d",
              "3efe8702-2aec-4c93-9830-66decdcfa46f",
              "af03a685-3b48-423b-905e-bb76347fcb96",
              "8fc5f3c9-43f9-4727-831d-2123afeac8ef",
              "a0d6a380-8d67-43fe-842c-56f602240bef",
              "05b168c2-c79d-499c-b86a-0a93360d5ccc",
              "1144f145-d3ac-4240-9f3e-3f9a5c40544a",
              "c22838c8-b70d-4a9e-a7ee-a305fc2c2ad6",
              "716ac9c5-c4b9-4670-83a0-efc2d68605f8",
              "adb799bf-a931-4c60-83a3-18cdb2d85ed1",
              "9d291e88-3722-4874-9974-4a29862f585c",
              "9522ce01-3322-4d16-90fe-3a24b93e9ce0",
              "ad6cbb30-e44f-4a61-bf6c-3f02a1727f87",
              "62100454-f4c0-47e3-baf9-218ac2ec1201",
              "e0ac3ec4-cf77-4323-b5d1-626ac9100b8d",
              "16cd787c-6c9a-42b4-86e0-1532ad4d005c",
              "7f1962d9-cffb-400a-b91c-9c297f34fac4",
              "2ae3f02f-841a-4aa6-a29b-5b4674d09372",
              "563fe4f8-9fa8-4ef2-a3db-b43749ba8d62",
              "b678f544-6e1f-48a2-bad0-99aaa2bb629c",
              "38a8aa2d-e284-432e-8d1c-18c1b8a41978",
              "38864af3-e2f4-432e-aea6-ed231aab9dbe",
              "f3bc926b-e611-4f8f-b670-3005dfbbbb44",
              "c766502c-0775-4a45-9269-82e502dc4d90",
              "8c21daa8-e29c-42b9-b84e-202403b8bef6",
              "e97bcb2c-1bee-4720-ac8f-93f91e976ca2",
              "2509a0e0-8a02-454a-a8d7-c863043b2c1c",
              "8cf8e1be-b823-4dcc-9dc6-f845f55be056",
              "2e377ee3-aefd-47b1-9500-4d3b0e69e727",
              "4b698b4f-ba7e-4cd0-b8a9-7db0ba549845",
              "b4ed763c-df2f-457b-899f-f625389dffbd",
              "74d87d54-dc2f-43cb-9501-158a7c306ae7",
              "361ccdd0-d7fa-4fa1-8f2f-d2ae57bc2789",
              "0939ad1b-24ac-4b62-b8b4-70dc2d047a43",
              "aa9d00dc-db63-40a1-9490-934b67621cbe",
              "058d1f78-6ac4-4e89-be09-24b6a0404797",
              "12c841d8-77ef-4b15-9b07-cbe7f4ad6d09",
              "b16e0a79-859a-420f-a407-9bd555722634",
              "f81dff25-76a3-446a-9211-d88451f6ad3d",
              "35241257-aa36-4944-a4db-4e817d658a77",
              "ac737016-144f-418c-a168-741cfe60dda3",
              "e9c910e5-d4c9-4476-a7f9-9cbd7316261e",
              "e1c901b0-cb51-4dfd-993e-e1956b3025b9",
              "6a0ffbe2-e1e2-47f2-b096-ff3ede2c187d",
              "16253afa-85b7-45c3-b4ed-40e53df984f0",
              "98e3cd6d-2ae1-4d06-b8a9-791328a2a235",
              "f3bc0e3a-8ea3-47df-a069-741044e767c8",
              "c20d6cdb-53fd-4664-83ed-a82653e1dff5",
              "0e57af78-164c-4fa1-9f50-d3e21a7b28d8",
              "b48c2769-134c-4a83-adcd-3b4d2c30a5b7",
              "47949de9-264a-4ce7-b75a-cba692130446",
              "251db23e-8d29-42d8-8a1d-91e0035e9fde",
              "c9c70247-af27-4181-abca-0c245ea68de7",
              "bab9adee-12a4-48f8-8c6f-334c30a1d80a",
              "b32854a6-e100-498b-be6f-d2f1e445efc8",
              "7bb16013-9c06-444e-93bb-ad91b37bd9f2",
              "19a9b6bb-d44d-4f8e-bf88-01cb7678774b",
              "acb39186-0302-43a5-a752-8b024f582cfc",
              "74d2406b-0c1b-4cd6-bce8-eb96dae84890",
              "a471ad52-745a-4e3b-b795-6e7d27e19762",
              "64ffc4dc-bb17-41d9-9e94-94b940cc91d1",
              "c514e3fa-241d-4158-9277-f1b322f2435d",
              "e86c44c0-760f-4f30-934c-a3b1476f8a21",
              "b14b5393-2ef8-4f17-be6c-38977ff5b084",
              "a1bebadf-3c01-4f49-a60f-e4a4eb08cb35",
              "a9d49fa6-6824-41c3-89bd-69107243db04",
              "8b742a44-082d-4d1d-829d-41e363c0757e",
              "5a1724d9-8f54-4223-a9a6-60a90fdcb06a",
              "c305c0f2-685b-4370-8092-90617c1a6130",
              "5610082b-593e-4f9b-947f-30cd41243436",
              "6e47706c-6b5a-4d49-8d17-cec07ea91bd2"
            ],
            "state": "active",
            "storage": "",
            "tags": [
              "openstack-5293fed8"
            ],
            "timeouts": null,
            "updated": "2020-04-04T18:47:05Z",
            "user_data": "#cloud-config\n\nssh_authorized_keys:\n  - \"ssh-rsa AAAAB3NzaC1yc2EAAAADAQABAAABgQDDMkqScI6yHqjxN+syltA6u3y0k48d19j2yoaQ+QOieh1YKNarx0mESC9B4cR54smu7BF0/izC10BfNLp5cJ9mG7Ckl8oEyjLa+gPjpzSK8+q+PFg73UnYher4viQKGTW46PefwM0XxnZOgtNsQ+EEh3+UhW1sy/PZA3Amagj4nEzH/b9YS4C/qdYv9D518Xr0NUMRklbH7e8H7OSckUkUMorQ7gBSh+kHs8UJMSM47m/+uXeS0cxYXhzVbQZCaySEOoSHSq6SUIm7zxIYLj6SsoBEwHAshAbL6jZxLK++W8OMTISrkeCy+hwhDNkVyeleeHfFR1fM4Ne3owXosf+dX7BtwQU1GRKWQlhilkGwuHo3WNiN/KTPQGP81wGt/CY2vMtXW+D2+7TrDR1Gh3XciLUcXTTjuq8j8BE7/xQOcsJykM6t+ImRALI5ZfyZgZDsJvbDPbqbzHdev4ykFwVeo1PC98lSyphMBBV1E+drxCvXhiMqh6vE1idl6Vbtk6k= studarus@sedna\n\"",
            "wait_for_reservation_deprovision": false
          },
          "private": "eyJlMmJmYjczMC1lY2FhLTExZTYtOGY4OC0zNDM2M2JjN2M0YzAiOnsiY3JlYXRlIjoxMjAwMDAwMDAwMDAwLCJkZWxldGUiOjEyMDAwMDAwMDAwMDAsInVwZGF0ZSI6MTIwMDAwMDAwMDAwMH19",
          "dependencies": [
            "random_id.cloud"
          ]
        }
      ]
    },
    {
      "mode": "managed",
      "type": "packet_device",
      "name": "dashboard",
      "provider": "provider.packet",
      "instances": [
        {
          "schema_version": 0,
          "attributes": {
            "access_private_ipv4": "10.99.176.131",
            "access_public_ipv4": "147.75.194.241",
            "access_public_ipv6": "2604:1380:1:5000::3",
            "always_pxe": false,
            "billing_cycle": "hourly",
            "created": "2020-04-04T03:59:07Z",
            "deployed_facility": "ewr1",
            "description": null,
            "facilities": [
              "ewr1"
            ],
            "facility": null,
            "force_detach_volumes": false,
            "hardware_reservation_id": null,
            "hostname": "dashboard",
            "id": "ebf48f16-f36b-4a3b-b631-5c4b0bf2029c",
            "ip_address": [],
            "ip_address_types": [],
            "ipxe_script_url": "",
            "locked": false,
            "network": [
              {
                "address": "147.75.194.241",
                "cidr": 31,
                "family": 4,
                "gateway": "147.75.194.240",
                "public": true
              },
              {
                "address": "2604:1380:1:5000::3",
                "cidr": 127,
                "family": 6,
                "gateway": "2604:1380:1:5000::2",
                "public": true
              },
              {
                "address": "10.99.176.131",
                "cidr": 31,
                "family": 4,
                "gateway": "10.99.176.130",
                "public": false
              }
            ],
            "network_type": "layer3",
            "operating_system": "ubuntu_18_04",
            "plan": "c2.medium.x86",
            "ports": [
              {
                "bonded": true,
                "id": "92e33454-a2de-4b30-92b6-155904fa97b3",
                "mac": "",
                "name": "bond0",
                "type": "NetworkBondPort"
              },
              {
                "bonded": true,
                "id": "0cc74b13-8063-4d40-b320-04eb99e56128",
                "mac": "98:03:9b:2f:3b:06",
                "name": "eth0",
                "type": "NetworkPort"
              },
              {
                "bonded": true,
                "id": "d61d1028-7a3b-4cf1-b864-29ae5208475d",
                "mac": "98:03:9b:2f:3b:07",
                "name": "eth1",
                "type": "NetworkPort"
              }
            ],
            "project_id": "6462e895-a848-45e0-8e55-40dd6bde4782",
            "project_ssh_key_ids": null,
            "public_ipv4_subnet_size": 31,
            "root_password": "5;S9IKo{;u",
            "ssh_key_ids": [
              "4152f100-14bf-485b-84e9-a9431d0023e7",
              "4cfb468b-8f07-4916-902a-46b90cd81315",
              "d3e95893-cdc0-44cf-8097-e667930fb60c",
              "2abf5a7e-8b64-411a-92c8-c15e963481ee",
              "c66b58ae-94f3-4e19-b6a3-0801946303ad",
              "32276e18-f528-4375-8f7e-40997a9b60a4",
              "245635ea-ad3e-46af-8fbb-196696ef670a",
              "7ca420d2-6c87-4715-b824-2bbb64eec407",
              "b279eda3-41ee-4eb3-b9ee-0cc808f3e044",
              "fe5624c8-e3bf-410b-89d2-00d96c1435cf",
              "2b2e94f7-b372-4e00-a9e2-a853ea689ff2",
              "d3301f20-8c1a-4c76-95b9-e0ec781d8e50",
              "76dc5e07-47d7-401a-928d-008d500f8bbe",
              "a1d17fc0-82ce-44df-8c11-4012d834cfdd",
              "964f4516-f880-43aa-b5af-c9411b2529e2",
              "d01ce94f-09f4-4f8c-b807-ffe3b9f0ab8e",
              "be6799bd-ba2f-4878-b06c-c8e0c6db68f2",
              "7ea3855d-2931-4e2f-bb93-b20c0195a608",
              "6a2330e7-0c9a-4212-b0e9-1aa73c4e5c25",
              "78b276ee-e883-46fb-a339-b8c892c63431",
              "af8cb83a-6f5e-4e16-b00f-ee3a92a4b812",
              "9f124c71-a926-4960-90b5-46aab25a8037",
              "af528d3d-2497-4931-9c7d-664f54053bcb",
              "985089d9-c4ba-4bf7-bf31-07c7aa8defb0",
              "8cefa73f-14d7-4a86-be15-81cd75a20c8e",
              "d94d8973-270f-4d3e-9141-57583e88f6f4",
              "919930b5-259d-49a9-8f41-864f2baeb4c3",
              "ad4ddfd0-77d7-45f8-9bef-0bd85367903a",
              "4f0cbb71-b5f0-4596-806d-34e93593ea94",
              "2d71390f-3884-4d5c-b1c6-a922f23956c4",
              "9856ce11-cb34-4918-aca3-8fbe4f709df2",
              "274215ae-88e2-4043-90a9-76545540ad54",
              "381263ce-247e-4fc7-92a6-0fc6caaf9fd1",
              "fa8b1f60-9a85-42fe-8c17-b33ade3eb57b",
              "466053e6-c3e7-4a24-8cb4-0062d8704c44",
              "deca600f-2751-4e4f-b767-2b95f9495d46",
              "a6c6a022-94c4-41c9-98fe-ea205527197e",
              "4eba3695-6a60-4945-ba78-d632d8f24f6e",
              "489dcad8-5d35-4f46-b9d9-58d42d4dd9de",
              "a9348e41-e872-4f93-8507-22619249b4b6",
              "7550048e-d95e-4461-8578-cbed369d3bbd",
              "b0d71788-92e6-4b41-b433-88b3c26c5f4b",
              "ee13e984-70fb-4f30-be94-ffba79ce4e28",
              "3c76e42d-f8c4-42c7-abb2-0612d17ed24d",
              "739c7850-06eb-4674-a1d6-3c0a0fcc2977",
              "25ef732f-d188-40bc-9b3e-802ab2143939",
              "65973bd0-8eb0-4e41-b412-ccafb94d19c2",
              "3c3a5c91-357e-456a-8591-f8ed25f567b0",
              "528efb17-92ae-4ae8-a21f-741473318ebb",
              "ec8f399c-78f0-42c1-9b65-6d166b7e19ca",
              "d7a0eb90-5cca-4f22-a920-977b072ca7b3",
              "3ae4a916-d59c-4e4e-98b2-f4d58146e007",
              "ad24b0ac-44d6-47fd-81b9-5703cdebabad",
              "00479a9f-302b-4904-9c31-e87e509bf556",
              "2f091898-cb88-4246-b239-bb1d00192e10",
              "4ed41f82-00cd-4bcb-af52-e4d6c928a594",
              "5e9f4b7d-452c-4811-8309-03aace320c25",
              "6dafb9df-3997-4110-94a4-609538e1bac1",
              "50bf8b45-d501-4e0a-b4e6-fc7197c785eb",
              "8f92adbb-7ad6-4db3-aaaa-68c5c1b8d88f",
              "72cd1cf2-8fb1-40a2-b018-92d31f13b738",
              "46bbf27d-3fbb-4561-ad0c-e761b176dac4",
              "8606e75c-9300-484a-98d0-708b0a82baa5",
              "1feed54a-148a-4539-9ec8-6c1afe23f7f2",
              "3f49bd48-de98-4940-9250-7a6dd9ded7f6",
              "e5dcd52e-ab2c-4368-9ea7-f9e601224ef1",
              "45cabeae-90b2-4e60-acdd-f995e48e6fc5",
              "a5bee0c6-a508-48ef-9c78-41d7e495efe0",
              "b58df786-f499-4297-b0b0-52ae17f5e135",
              "23c0e8ba-afc4-4539-b27c-d81da7c06bbc",
              "8b188f2f-2b96-45cd-ad59-d0824b934483",
              "544be004-4644-40c3-a50e-f15dbea765fb",
              "c406beb3-eb09-4d3a-9d6a-a5405b718ecc",
              "335663aa-38c8-4780-a729-23da3049c0d1",
              "80b9f425-0841-4d0c-aa99-b8d817aa210a",
              "52ee248d-487c-4e21-ad5c-a0844a436bdd",
              "5943e51f-fcf2-4903-b77a-e7294b97756d",
              "d9ba2f64-49a5-45ee-af9f-7d4576bb2042",
              "cf00f5e8-f362-409c-bab0-ae7b7af96cc4",
              "ccd8013e-22e0-40a1-9c76-04dfa92c9097",
              "d5fd1cb0-ef27-4bc6-9017-f16889d5b428",
              "b28585c6-11d2-42ed-80c4-5aca06afc19e",
              "da0fb5ef-effb-4414-866c-e21c892266a1",
              "6857e00b-44ff-4508-86fb-20f4553993a8",
              "acc1fcea-f60d-4b4e-a16d-a939e3749615",
              "2838c153-f870-4e9d-83a6-5900a37e53d0",
              "3029294a-b40e-4fa4-a9c8-296f896f2fbf",
              "15499a1f-a181-4b84-ab9b-2534ab0ed471",
              "b84a3bac-6397-417f-9b31-6225fb14d5db",
              "a10d3182-a122-4804-b572-cd2640e2873b",
              "2eb7e48b-e2fc-48b1-b0ce-e6a872772afa",
              "44792a5f-5ed1-432d-9201-cef0dc8cf892",
              "2599980a-d29b-4e91-ab02-adaf3da23a28",
              "c0bb8f9b-c47c-476b-a126-fc8639ce829f",
              "045c507e-a93f-4197-93e8-bdf80b5c509e",
              "eb88b553-92a2-4601-a7ca-2187812f8e1b",
              "4d573ab5-8802-4517-b6d2-e7067c4021d7",
              "4a48fc06-acb6-4a69-9d7a-abaca450d42b",
              "2b2498c7-4c8d-4441-acf8-70758f202299",
              "608cc5ae-0b7c-4ee6-84c9-ca59a1e232e0",
              "df9b07f9-faae-4012-80f8-783adb7d70cd",
              "2e228c42-18fd-483b-ab62-4b80c4dbdbec",
              "099b00a5-aa7f-408b-80c3-aec26de14da0",
              "49144858-d436-4919-a5c2-3d18ef0df757",
              "d713c32e-db0b-4a86-ab9c-7d7605203b21",
              "b861d988-7ddf-4117-a8c8-ce7ce1a113f2",
              "abd25726-d3f9-45c0-81f8-a128b0eccbb8",
              "b01918a4-1f83-4ac2-bb56-69cbcb173e5e",
              "cf114ecc-eeff-43e1-b5e3-ad8fc31f36c1",
              "87264e57-5b4a-4f0e-a82f-06921ba4dec0",
              "73401380-7099-455c-8e62-781908c2a853",
              "eaa99f43-e50f-4fe7-b616-a8d21d7252fe",
              "b2be56a6-3ee5-4e55-ae7a-2b1f90a31606",
              "0df58e35-d73e-4f72-b772-621ac6ccc86d",
              "a59dbc16-52af-4480-99a8-74dba8057992",
              "7d19db99-0c85-49c8-b87b-0c43230a794b",
              "e193e5b1-1d4b-4285-ac01-e3dea0787283",
              "250559f8-1c36-41bb-8905-40506c5fa79f",
              "f16d112f-db01-470a-a051-21c52f93937e",
              "ed9abbb3-bfc3-479c-aabe-145a92f3005d",
              "efced541-09e9-4f43-bdb5-393db4792671",
              "10c8deee-5f23-4376-b03d-3674798a3599",
              "3263076a-6221-4962-adf2-039de8d4d095",
              "4577afcc-108e-40d3-91c0-d42f7eadf487",
              "260fa9b1-cfd0-4129-8366-dad01c112992",
              "3cd5fd38-da7c-4ecb-8d2f-3bc45e862f1c",
              "a2679217-0896-4cc3-bb2e-73521719c718",
              "38630401-27f3-46b5-8864-b334ec7bd206",
              "38f71800-9988-41aa-823f-755d1807fc83",
              "7c646905-72fc-492d-81a3-5dc3d0997a16",
              "f4374db5-0b0e-487e-b4ca-6fec8ee51e0f",
              "909f2cb8-2654-438c-9378-e8851e0ada3d",
              "675d3818-23e9-46fa-98f8-166c4a8e8881",
              "2371a745-b8f3-48c2-900a-43bac0ac22a4",
              "0331b82d-0fa5-41fe-826e-518ef67e9c08",
              "da2dbf95-4aec-4506-b954-eee77fbe509b",
              "2b31ea8b-b1b6-4481-822a-8422eb321e3a",
              "3ce2fd17-3ccc-4688-be76-e87fe22dfb61",
              "04e4eb86-7635-4c55-b170-12a0dfd9f3ac",
              "fbc1d48c-54ef-4efb-9d49-e3f36af944e3",
              "c753ea68-9789-4877-bb11-b6bb1a32b247",
              "983bb062-de68-4133-8f1d-1f845c5e8cfd",
              "1cbad09d-fd15-47fb-921b-a3b561e2e473",
              "6ad3660a-c6e1-4979-a0ed-2ce0cf042a2c",
              "432552bb-6e5c-4a1c-9dc7-a36c6fc3d456",
              "09caeee3-e024-48db-8f48-630a8c2c3235",
              "21a75347-dfc0-4c31-ba51-7da26a0b1d36",
              "4af5acd6-d073-489b-83dd-83adc87b6049",
              "9f00016b-cf25-4a6f-8088-0bc9e616d1a2",
              "a10017f4-bbf6-43ed-9809-27ccf4ea2f65",
              "8fa263a7-daf4-407e-9eed-774e9ff58e9b",
              "6c810321-3c61-42fa-b7e3-c3dcacc88284",
              "09bb2712-9311-47e1-9a7d-f9ba18f4ca85",
              "b4892ff1-80dd-4103-bec2-0a134585a8bc",
              "a0519303-3e55-4751-a94e-53f388bd8b7f",
              "d88b2a10-e553-4999-8f0b-737417c4e531",
              "a8265d78-146a-47f5-8c4b-27af625f03f0",
              "a1ebc4de-e851-46f4-8368-8fe2e34719a6",
              "6df9131c-01ec-45d7-a85e-eee54bb0d7d8",
              "128ccfae-f804-4ffe-bb3c-0000a9e3027b",
              "fd6c95d5-9b9f-4901-867b-38afa0266d9c",
              "6a7d1f74-3c63-4533-a278-37da8b501c5d",
              "3ba1c572-5f18-475c-9913-3c9beaa7e233",
              "ce4f915f-0685-43ac-b145-304d19e2f944",
              "b5e750ec-85b4-490e-a381-b1aa9c7926be",
              "c984ae2d-6b95-4918-ad2e-89ce3d909445",
              "aa398039-809b-4575-901f-1662682b0a00",
              "311add68-40c0-4058-9554-58e361ad1b02",
              "6442e613-cd1d-4eb2-b545-a97d7c55b651",
              "6b02551b-6f08-4520-bbf8-14148f52c8b3",
              "d926249f-6c04-4606-9dd7-97f084a66e3d",
              "4d1ae3c2-ca8b-4652-a455-6a9321f9f145",
              "9389f2e2-975e-4eaa-a223-37fc145162f0",
              "de00e29d-1e45-42b9-9ebf-c01fe42537a1",
              "def769f8-a9ca-40db-8b29-c11801ac14a2",
              "4b7243e0-e5c5-4f8e-bb72-d209cbdc12fa",
              "b57f8f54-ab5d-4e7d-a7e0-562e904b829f",
              "8648676e-238b-49ef-a84e-991a8e644d56",
              "8080b1bf-504b-454b-9805-d20c8608b96a",
              "9caa8cac-5358-4026-86e6-75fcd43cce7d",
              "acdd3ffc-df09-4647-a7e8-8325b458cb85",
              "4c2bd054-e3b6-4d5d-acaa-351132869f2b",
              "11258efd-7e21-47cd-b0f9-6d7c3f77bcca",
              "c5b1ddbf-3d64-4e88-ace9-10f83aa969b7",
              "233c1658-8364-4520-9fac-676eb8d2d89e",
              "3fea80ef-5b5c-4dd5-8a57-a519a50c3e0a",
              "15ad3b4e-4fe6-4d77-9ed7-97df6909f222",
              "39be2e40-aee8-43ff-84d6-27e40bd4378c",
              "47c8a0a4-6df6-4999-b4d3-2225604015b5",
              "52d370b7-dcc4-48a2-b0df-d8b6da8a7b2a",
              "b763adde-cb8a-4e99-b085-b74f7f886bfa",
              "08577d5e-68ba-4a6b-b92a-67e56e8116a1",
              "40e17cf5-8789-47ed-b00f-a918b5005a25",
              "2a5c8b35-5776-4fd2-ba7e-51718a157702",
              "e7a7e3b1-2370-451f-b91d-3a6020d1e828",
              "283de6e4-aba1-415c-8604-e6e857a1c70e",
              "ad1bc75e-b082-4ed7-a4ce-d0e90119e9b6",
              "e9f18909-3524-40ca-887d-1ed6eeb5ad47",
              "b12a0e9d-7bb5-4a1d-b569-3eda71488f81",
              "1e925ad2-280f-4288-b421-91c862f413eb",
              "663e4f4a-21a2-4f9b-a120-bba97395f49c",
              "b0d3557f-e7a3-4831-a954-abb23b674073",
              "401299ae-9488-4e1f-a4f2-8e4c77876a2b",
              "762b4793-f0db-4a43-9b66-c4c4945e398c",
              "730e763c-c830-4cce-a9e7-098be86c012b",
              "7ab276e5-c299-4b0d-8485-5de556e8cd0f",
              "69dbf287-cdbf-4d99-b72e-3eb8eaaf80ce",
              "ebb226a8-a525-4ee2-9ddc-6adf4c5b0f4b",
              "cb8fc4a1-717b-4674-8dda-da3896597d23",
              "f00bb5b9-517e-47d5-8950-f7c051e4ea6d",
              "a789b28a-6dc8-46cb-a4c3-8a41371b2b93",
              "3a74f679-a469-4e2d-a772-7f4b1c009279",
              "741ae0b1-259a-48a6-b251-64c495c7aeb5",
              "f9b21b44-d8b0-474e-94f4-7dfaccc22fa6",
              "50e3e993-2b13-4ad4-9413-365f1bd89d86",
              "156ad4c6-37b8-415a-bed2-fe3304dad4f9",
              "636740e8-bb0f-4a33-a77f-4f498675e7d5",
              "7462a6db-b5e6-4a99-90e1-710b6fb97d16",
              "d6a50bd7-69c4-4c2b-99be-9adbefc6e3dc",
              "f085204c-01b4-46a0-ae7b-1599e000ed4c",
              "a056bc1e-bccb-4cbb-a452-ba1c1e7fed37",
              "7c4d1e46-0123-4509-a7ce-0185789ac519",
              "76df85aa-b43d-48ef-85df-40c86e8386b8",
              "4adac1b4-d23b-4562-93a3-6f0cbba5c0c5",
              "36b1eddd-3871-4cb6-8c4c-d56c404af6a5",
              "71120837-8b3a-483e-b218-7db7d4c36700",
              "81df847d-0198-4b91-a231-6f832e41da77",
              "ab58ae97-c3f2-4895-94c0-eeb0e62022b1",
              "351e6a13-5acd-4d89-ba7f-95f8e3015668",
              "08465c7d-3c52-45f7-a08e-355b4f81bd66",
              "67e7d67d-4290-47c3-a3c0-7681584db0d9",
              "85451eda-ffec-4659-9540-49eef22f8ae3",
              "e561e56b-448a-4eb3-93d2-75e280738139",
              "259569a9-e602-4950-8ff2-9902d7c385c9",
              "34eca58e-9829-4af9-b6dd-41c88782345b",
              "03a570c8-e9e2-4dda-b56f-3d72fdb70a93",
              "5b0bf36a-3091-4fc0-ad9e-097b32166e33",
              "dd7d8943-5704-4061-a724-351e86240728",
              "467ef298-c4a1-4539-bb55-b820581e59e8",
              "89f0d0d0-b922-4c38-a019-63c82529aac0",
              "9a5968d6-b982-4bd0-9544-7a1ff048c1b1",
              "3c26a66a-8bc1-4f1a-b992-6a4e4ae6c5d2",
              "8e312398-8571-475c-9ef8-6fb4fefad4b5",
              "f60fcf85-54cb-42b2-815d-9205dadec933",
              "1a746b63-1be8-40fa-8c63-14ff6f79a9ef",
              "90671df1-afcd-4636-895e-e1fd8ca3db57",
              "ca515d76-6467-4edd-84ab-c74cb724ef08",
              "712d8e03-d1f2-48ad-b728-8d93e7d013b8",
              "368aaa26-14a6-457b-9b7d-f02cf086a7c3",
              "1f3bb964-5848-40ea-b6e2-80a0fce4a02f",
              "e03f7030-4186-4d3f-994f-ec96bf643ac6",
              "b182d7a0-5b75-42ae-8c99-3752376998fc",
              "035bac54-6fe8-402b-b148-82f890965bbe",
              "3e9c9650-c7d3-4356-828d-a8562bcef5b4",
              "f6419f26-83a6-40c6-81ee-5df470bc713d",
              "b825e018-dc64-4568-9c95-2e09f4332333",
              "eed4556f-22ee-45c3-aee2-a7bb82d14f99",
              "672d6c30-1167-411f-96e3-0b32bfcd8f1b",
              "24216a3a-9a0a-479d-86e7-b7d5a3873424",
              "d22e9adc-9b26-49f2-9179-ac83d6792664",
              "22635c30-0349-41e8-96e5-2bc0ee673e15",
              "16af073e-59be-421a-a165-37006673dd05",
              "c2dfafd8-9fc3-426a-a72f-6ceb4f7def6c",
              "dbcdb1d7-1123-4667-a060-5b142097709a",
              "7b1ea5bf-006c-4381-a5c9-0e77f5a42e64",
              "c5bc8190-9543-4da3-a3ff-7a94b9323e80",
              "fedeb769-dedb-490c-a601-82e620f68d9c",
              "98aaee6f-c088-4efc-982a-6d2b1bf68d5b",
              "902eae69-86d1-4616-9b4f-b8bb2ae4f994",
              "417ab2e0-d976-4084-accf-ce4955e0d6c9",
              "352b74f8-308e-46f9-99d8-f74e52b98f5a",
              "7789a760-11d4-4261-ad0f-3051eec8e747",
              "1588b78f-078b-40a3-9dc3-66a08fd2395b",
              "c34171db-6d76-4545-b092-91286e6e4e7f",
              "11bb7a98-e7ee-4c45-8661-2756f8966ed3",
              "5fe1ab1c-673a-41d4-a09d-36806c6584a7",
              "67974cb3-747d-4af0-86fe-ae357d9411d7",
              "7676372c-a73f-4a47-b04a-be2b82ccd406",
              "21f4599a-5397-4f7f-8d6d-32ba441c585b",
              "5e0cf920-34c5-42ec-9031-39b0aecbc3da",
              "08a8f7e5-b848-4397-9e13-38bb8886e40c",
              "07fc5572-45ec-4fbc-a763-0c3d160f26d2",
              "ff4edf74-1f0d-4ced-992f-887b348c6e84",
              "082c71df-7c5d-4bcf-bbb5-b681e2f20327",
              "ce96ce78-0875-4668-ab64-9727fad74a5f",
              "7e2c5a9f-9066-4762-ac6a-9a7cf194ae40",
              "49272720-dd74-41b7-a8ba-8e0ca246dd7b",
              "78263c66-9d86-4a64-a876-56af919cd628",
              "82aafe0b-5329-4034-8d11-8601a586449f",
              "47991eca-a81c-4ca4-a59d-f369a25ee97f",
              "b56d29a5-c83a-4987-9840-f29caf9f0bf5",
              "1b7e9dc5-ac80-4cf5-b5af-f7e6201bc3c6",
              "ec8f6642-98b7-440d-b9e7-a8c296bf5f9d",
              "b69e68dc-c098-45bd-bb27-a8d9f7591597",
              "bd301f70-d142-4bdf-bd19-a5515ea967bc",
              "04193283-c121-4b68-ad63-0949f9af3f54",
              "78a225dd-e1a4-4817-acdd-76bc1d4c0473",
              "c6ab41cd-d974-4b36-8e12-a75a289e7787",
              "44b76d9f-b9cb-4ce8-87cf-4974619d3a46",
              "7a599787-f97b-4380-86f7-8ebe0004ecc3",
              "59a1be3f-b4b2-4c18-a5fb-03acb803d2aa",
              "2743ea85-892d-487e-92d6-d81bede3d105",
              "408c292c-ebd3-43d5-bdf4-dbbb4dce74bf",
              "3709d870-68b2-419d-8c38-29d32e1586e6",
              "484fd7f6-53f8-41d6-ab8f-318aae57a627",
              "45d1229f-886a-4fcf-a064-922a4864d2b4",
              "a9e5d644-bdc9-4d88-aa57-fc86ede0bcad",
              "26a12723-7c21-413c-9a27-2bc02f86226f",
              "f27c9f98-a018-42f7-9b1b-87485dfdd9c6",
              "c4398053-613d-4b9e-92a2-d45d01af8947",
              "7848ca5e-6a02-4bb9-ae81-d3ad1ae1c8fa",
              "48b06ea7-e1ac-426d-91f7-928a084f2ca0",
              "d21dceb7-7ca7-4c82-9417-a251679c235b",
              "ceed18d2-c325-4ec0-a24c-54f91c8ea5e9",
              "17997daa-237c-4523-87cc-8ff46538ea98",
              "e6cf9448-9b37-4576-8798-b0d14d3f63af",
              "e31e99c8-5150-4fcb-815a-fc120a4bbd84",
              "2cc9c53c-443b-4581-ba74-6b34f45082c3",
              "1609f395-f0ce-4429-bb6f-f04195b602e3",
              "3444fbca-522d-423b-ad12-1f1bec86d340",
              "c49d9fa2-acd5-4422-b6d0-3593d63539cd",
              "1ace4a71-9569-4703-942d-2471fa34bfff",
              "85130bc4-4759-43ce-ab62-4b126ed9c4fe",
              "48e127b3-886f-46c6-8cca-78af6c1d055a",
              "ebe3733c-45e1-4a12-8f85-d9233f91231b",
              "25e0301a-35e5-4723-83ec-3d5dc166c1a3",
              "b195f78b-f454-4675-8207-cf092c215d55",
              "87f029b7-32a3-4cc2-a2a3-fb030f1bcea7",
              "a8fe1ec1-32da-4568-a592-31e8fe0cb349",
              "b48324c8-d6ee-47bb-8f13-1637a6d691f5",
              "3d2a8d82-1bc8-49c2-ba11-864dda4631e4",
              "46550433-47ab-491f-a2eb-d5b9354ef969",
              "f33ff4d7-f81f-4650-b214-c8e30f4fb634",
              "b7d50f6f-19fc-4afb-a573-31a8e1db06ad",
              "81425fa2-c863-44c3-9d8b-57b8ca39d88d",
              "98069023-ac01-45da-a1dc-3c8cd6585428",
              "35b188d6-a611-46e8-934d-3c49e82cc1b9",
              "cbe9e030-ed48-44e5-b2e1-35c2c7471f6a",
              "20a63f97-8d66-4717-a469-158245f7e49d",
              "a92e31f1-dc2b-4442-ba3c-dbf28d33a102",
              "4fe19d23-5db9-4946-a984-0b06b8a81dc8",
              "dfa3ce46-bee1-4e21-9002-aa53ab56df6c",
              "6ba6dd9f-46e1-4a3a-85e6-6c81a2268a8b",
              "a21a9a45-a59f-4ce4-8a69-2e381f39dc48",
              "92086388-452e-4207-a5f3-e0abd6d7abc4",
              "f9e7f079-c0de-4fa5-a413-b80f3ac365eb",
              "a9902f2c-dd53-4f5b-a7a7-15a225f1790f",
              "4d6408bb-a421-4bf6-aff7-fa53232aebd6",
              "a9e49d8d-ffbe-431e-822b-181debf9ab4b",
              "39211f53-ea99-48be-8909-ec11fae992a1",
              "83fded38-84ba-4c0e-9729-69582b8f9ce8",
              "a50abe9b-c8ef-4d22-8bbe-4e69376d4825",
              "41341471-b84c-433b-90b4-1eded79828bc",
              "2ed9e443-b7ed-43f9-a079-5fd5f7e38d99",
              "4d4c3e4f-357f-454c-a2d4-41107d8eb6d1",
              "eace2e3a-af02-45d7-ab5c-64336514e939",
              "5826a5a6-b58e-4fa7-8368-35fecb873a4e",
              "fbc24819-492d-4fdb-9ab3-99fb4cc513b7",
              "20be8422-4e65-4fec-922c-8824a127c8ce",
              "77ce0ba8-4c99-447d-8841-abad268c5b8a",
              "26c99c4b-07e6-4d73-a41d-f47c583acd02",
              "1308333d-526b-4ea0-b5a8-086b6fd504eb",
              "6fd7ad08-4111-4cfc-b393-3a5cac185b6d",
              "afc9e99b-8816-4b86-8246-90935669baf5",
              "4fca150b-d7a6-44d3-9e5f-d26dc3fdd1ce",
              "057f3024-a60e-448f-b418-87362c48dffb",
              "2ae1d7a4-caf6-49a7-9fc9-098260c818a4",
              "efe34a8a-b529-46a6-a8bc-01416b5d10ac",
              "45e156ad-4f46-4bfb-b2d8-fd883ee7543f",
              "77fd75f1-05d4-44cb-9bd4-c63af2c69e55",
              "93da1f2b-a3ac-43b6-a05b-3a77c15eecf1",
              "29bde5bb-16d3-4dc4-ac3f-8185a0b690db",
              "f29c2c7e-7fd3-4ad0-87dd-116211d49765",
              "348db7a1-2280-4294-a12e-179eba68d602",
              "5e21877a-e2cd-4d31-a55a-e0bc43867969",
              "9ad3196a-61d0-4605-954d-0b017f9789e0",
              "7359dcb2-b568-4ef8-ab1f-4f1045c1275e",
              "59272fc5-f3fe-402d-b099-9bd7b6b0f917",
              "9704f226-e29c-4591-ba16-f41771943ddb",
              "835b4dce-0336-433b-82ec-e8f543b6fedc",
              "fc9fadb7-146c-445a-8231-85f1252f3211",
              "990c4c36-f5e5-45d1-bce5-f51f0afb91c6",
              "ea9d3bc4-a01c-4d2b-9fa8-459e3e561aa0",
              "5dbe263f-4c9e-4a85-ad6e-39692abc8b7a",
              "0896ae8e-cba6-4550-8ede-e905fa8e7040",
              "a6fbf3d5-17b0-48f3-9463-479d84116d1a",
              "0a7e803b-23a6-467c-bf2b-6c89075e832d",
              "ffbda292-2f53-41bf-a1db-2c708e1fd88b",
              "c30177c9-e977-4578-aa1f-e79edb2d133e",
              "7a549c9f-6c2e-480a-8110-67c0b4c2cf45",
              "699fd34f-054f-4a60-9ab1-a05e5f7488f3",
              "d067e6a7-87cd-47df-9e4a-7c69fa934c32",
              "ce8a1d78-8bc5-414a-a98e-e658ed6fafdf",
              "89007455-0685-4f18-9784-b2965bee1d5f",
              "165a14a1-9531-4d49-a75b-e951cbc1154f",
              "4dda1c4a-c6e4-4f88-9a8e-f2dca120442c",
              "a6ddda41-74b0-4abd-b04f-ad5ec39bc5b5",
              "569bac06-b2ad-46f5-8b99-7640abd59e10",
              "140c7410-c0a6-4c8a-a595-e37d53a8002a",
              "7dbbffc9-e48e-4ed0-b6fe-65aba20fe035",
              "089deab1-1b2b-4fbd-a9f3-0315febf6363",
              "0d22f350-6582-471c-a689-2f4d9383bbe7",
              "6d1edb61-22c9-4d32-981e-3527ab403c96",
              "26eb0537-3406-4033-89a5-9eb76f19decf",
              "9cbef5ff-95c5-412a-824b-20aaea24cbac",
              "5ad7cf08-6211-405c-bd93-34ac2c9e3476",
              "5c172258-1789-46a5-8ed9-940aca66a299",
              "014dc011-526c-421d-ae15-c90c936d691b",
              "6f1bd730-56c8-49f2-b064-52c2e34f979f",
              "34f61ff6-bb8a-454c-8b52-2e93fb670f82",
              "84a278e7-bd1d-4a1e-a092-2feb4b89b11d",
              "ceb16289-7f56-430a-b416-1d11bdede9d0",
              "b70d3580-9ee5-4b6c-ac97-b567a9f276b1",
              "27d699df-43be-4ef6-9cd4-675f82bfda9a",
              "cb799ea2-37f7-4472-aefb-7bd8703b07c1",
              "8556a314-280c-4a03-b792-118158115105",
              "4057fe97-2882-457c-9f3a-56b2decda9ef",
              "875effe8-cd48-4c0b-9ad9-a6004c967607",
              "aa3a2881-70d8-4391-941d-60394a54b531",
              "dfc7a07f-24db-4500-8d89-fe482501d487",
              "7d572d2d-cc07-41ef-881d-e5cd583cb568",
              "28a150fc-0f89-40a7-9522-c25cd9bf73a9",
              "44bd246c-5b7b-4e7e-919e-07be8d3bcfc6",
              "38fab524-60dc-4014-ac41-fcc7389337ce",
              "539c53e6-687a-4e8e-bca7-441456d125f4",
              "ed8d5450-d043-48bb-b4c1-fedef3f03ac2",
              "92bf389c-3c55-4371-86a4-c98f6248ed32",
              "c58b46fe-cf13-41f5-9fa6-ae18a224a2be",
              "6b8b4103-9681-4c0f-a01a-2c566000b3ef",
              "fd420f75-a450-4ed6-a0e9-e5534990ec16",
              "10efe58b-9862-467c-8466-9428004bb895",
              "7954eb30-4293-4acf-a453-ad3e48059522",
              "950f944d-8f96-456b-a2ec-a660380cdbe5",
              "2413ff03-4c37-450b-8651-ac7496599860",
              "ba088661-88ed-4754-b425-ccc4715ef4ac",
              "e1b81578-87a7-4c76-bfd1-18965da7a506",
              "355cc7a0-450d-4dd4-8d31-79ab21de80cb",
              "0dd090d7-ec25-4768-bff5-56323bfc13bf",
              "fa5ce450-a32d-4a71-b4f9-608b701f9046",
              "9a00ebad-0360-4c53-8bcc-1761192cea74",
              "df623e11-5687-420a-93ae-086eef742858",
              "e077b131-5533-4b53-b096-3de72976f8c6",
              "e3db9e3b-4875-4a73-b1c1-36b439254d1b",
              "0c606bd0-c733-4bfc-aaf0-c516da8e1987",
              "0833ac52-978c-47c3-a078-ea11eabe56e2",
              "f87b7a35-37ac-4aad-9727-a0814015a934",
              "48f4a600-73a4-4f69-8445-0ffd1e37e885",
              "dd86bb3a-46ab-4173-9563-5770d83ef854",
              "d99c233f-969a-42ae-8769-167cbb31d839",
              "21a9d005-86d9-4917-b437-c3c9bbcf6084",
              "efe76a81-0b66-4e6d-81d3-f9143842d562",
              "23aa71e4-12d2-43dd-bd6d-48823d06f578",
              "11bcead5-e8a7-4b21-bdd7-155ce05cbd2c",
              "1f6ccd48-5845-42b2-8307-154815b11887",
              "7e10bc23-f97d-4ccb-8fac-d477e966fa49",
              "76f78cc5-a162-44ff-a4bd-89a36fc743c6",
              "3f719806-8701-430a-9ada-b47cc7b35121",
              "8e25e67a-12b9-4457-b976-22b3a04955f4",
              "38b4ebdd-2de7-412f-850a-7d7e0052b94c",
              "ed432fea-0475-4d6b-8894-bc954b736d52",
              "ecdab64c-1c45-45e1-ac43-0268050530c2",
              "07ddf626-f8ca-4b21-a7d1-8f8d47a08baf",
              "5eab4768-50f7-4b98-bc77-e1e9038d042c",
              "a497b076-346a-414f-bd42-6736fcf8e757",
              "c11c81cb-7f50-42b4-97a4-8eaa641b642e",
              "8906f292-a4ef-4a1b-b3e9-880a94cfee5c",
              "8d11c4ef-aadf-4992-a922-49668e0054ab",
              "89e55e47-cce9-4b82-9cb1-5b6a02477ed7",
              "f257918c-3ed7-417a-901b-140f91054646",
              "632f5812-abe8-449d-9ec4-436bfe610a13",
              "7c404a40-e8c8-4d8e-8889-5b763329c58e",
              "860489ee-cc17-4094-bfaf-0b70a3797dff",
              "65923a97-e604-441e-9f77-047e52696019",
              "3c411d11-aa65-4612-8639-8f3d749ec03d",
              "a235e13c-d447-4acd-9bb9-48d79f234eb2",
              "b9e35b0a-7a62-4692-a248-52456bfe179c",
              "5603b77e-6f8b-45f1-81f6-aa399e9b63cb",
              "5ea714d0-e271-4cc7-aa5b-4be08d6b1219",
              "a859c197-61f0-4446-b9b1-6617ca1ae367",
              "6dd6c1b0-285f-4175-a3d8-4424f1568fac",
              "aeb8d552-4408-48d4-a4e7-f2a7cffe9a3f",
              "7dcdf866-4ad9-45fa-a79a-9216af26a233",
              "3f7073eb-0188-4b6c-bac2-268422e1aa34",
              "63f3948c-56b1-410f-84ca-ebae0a8a3bbf",
              "fce0a4dc-5f03-4425-a5ec-cb1d11c0e0d6",
              "495953a7-469e-43e5-88b6-59fb9d3cea46",
              "bc51a56a-ef7b-4a8d-869d-26f1b0354b31",
              "693d8b27-05d6-4d7c-9740-b85e639c4126",
              "0e58643f-a0ad-42d9-9274-8b9def32680d",
              "302ef123-7e95-4785-a4ab-2e0f4ccf10b2",
              "aaa154fe-2adf-4c02-b04d-e7ba5416e01e",
              "de834637-11eb-4455-aec7-57d01413b1ba",
              "092ac4a5-747d-4203-8867-3fcf9291c2d8",
              "bce98379-34cc-4312-ac16-5374442c2ad5",
              "98784754-849a-45c4-8255-eb5ef1b6dbd7",
              "fb3168ee-429e-49c0-b460-115226f0a45d",
              "3efe8702-2aec-4c93-9830-66decdcfa46f",
              "af03a685-3b48-423b-905e-bb76347fcb96",
              "8fc5f3c9-43f9-4727-831d-2123afeac8ef",
              "a0d6a380-8d67-43fe-842c-56f602240bef",
              "1144f145-d3ac-4240-9f3e-3f9a5c40544a",
              "05b168c2-c79d-499c-b86a-0a93360d5ccc",
              "c22838c8-b70d-4a9e-a7ee-a305fc2c2ad6",
              "adb799bf-a931-4c60-83a3-18cdb2d85ed1",
              "716ac9c5-c4b9-4670-83a0-efc2d68605f8",
              "9d291e88-3722-4874-9974-4a29862f585c",
              "9522ce01-3322-4d16-90fe-3a24b93e9ce0",
              "ad6cbb30-e44f-4a61-bf6c-3f02a1727f87",
              "62100454-f4c0-47e3-baf9-218ac2ec1201",
              "e0ac3ec4-cf77-4323-b5d1-626ac9100b8d",
              "16cd787c-6c9a-42b4-86e0-1532ad4d005c",
              "7f1962d9-cffb-400a-b91c-9c297f34fac4",
              "2ae3f02f-841a-4aa6-a29b-5b4674d09372",
              "b678f544-6e1f-48a2-bad0-99aaa2bb629c",
              "563fe4f8-9fa8-4ef2-a3db-b43749ba8d62",
              "38a8aa2d-e284-432e-8d1c-18c1b8a41978",
              "38864af3-e2f4-432e-aea6-ed231aab9dbe",
              "f3bc926b-e611-4f8f-b670-3005dfbbbb44",
              "c766502c-0775-4a45-9269-82e502dc4d90",
              "8c21daa8-e29c-42b9-b84e-202403b8bef6",
              "e97bcb2c-1bee-4720-ac8f-93f91e976ca2",
              "8cf8e1be-b823-4dcc-9dc6-f845f55be056",
              "2509a0e0-8a02-454a-a8d7-c863043b2c1c",
              "2e377ee3-aefd-47b1-9500-4d3b0e69e727",
              "4b698b4f-ba7e-4cd0-b8a9-7db0ba549845",
              "361ccdd0-d7fa-4fa1-8f2f-d2ae57bc2789",
              "aa9d00dc-db63-40a1-9490-934b67621cbe",
              "0939ad1b-24ac-4b62-b8b4-70dc2d047a43",
              "12c841d8-77ef-4b15-9b07-cbe7f4ad6d09",
              "058d1f78-6ac4-4e89-be09-24b6a0404797",
              "b16e0a79-859a-420f-a407-9bd555722634",
              "f81dff25-76a3-446a-9211-d88451f6ad3d",
              "35241257-aa36-4944-a4db-4e817d658a77",
              "ac737016-144f-418c-a168-741cfe60dda3",
              "e1c901b0-cb51-4dfd-993e-e1956b3025b9",
              "e9c910e5-d4c9-4476-a7f9-9cbd7316261e",
              "6a0ffbe2-e1e2-47f2-b096-ff3ede2c187d",
              "16253afa-85b7-45c3-b4ed-40e53df984f0",
              "98e3cd6d-2ae1-4d06-b8a9-791328a2a235",
              "f3bc0e3a-8ea3-47df-a069-741044e767c8",
              "c20d6cdb-53fd-4664-83ed-a82653e1dff5",
              "b48c2769-134c-4a83-adcd-3b4d2c30a5b7",
              "0e57af78-164c-4fa1-9f50-d3e21a7b28d8",
              "47949de9-264a-4ce7-b75a-cba692130446",
              "251db23e-8d29-42d8-8a1d-91e0035e9fde",
              "7bb16013-9c06-444e-93bb-ad91b37bd9f2",
              "19a9b6bb-d44d-4f8e-bf88-01cb7678774b",
              "74d2406b-0c1b-4cd6-bce8-eb96dae84890",
              "acb39186-0302-43a5-a752-8b024f582cfc",
              "c9c70247-af27-4181-abca-0c245ea68de7",
              "64ffc4dc-bb17-41d9-9e94-94b940cc91d1",
              "a471ad52-745a-4e3b-b795-6e7d27e19762",
              "b32854a6-e100-498b-be6f-d2f1e445efc8",
              "74d87d54-dc2f-43cb-9501-158a7c306ae7",
              "b4ed763c-df2f-457b-899f-f625389dffbd",
              "a1bebadf-3c01-4f49-a60f-e4a4eb08cb35",
              "c514e3fa-241d-4158-9277-f1b322f2435d",
              "bab9adee-12a4-48f8-8c6f-334c30a1d80a",
              "e86c44c0-760f-4f30-934c-a3b1476f8a21",
              "b14b5393-2ef8-4f17-be6c-38977ff5b084",
              "a9d49fa6-6824-41c3-89bd-69107243db04",
              "5a1724d9-8f54-4223-a9a6-60a90fdcb06a",
              "8b742a44-082d-4d1d-829d-41e363c0757e",
              "c305c0f2-685b-4370-8092-90617c1a6130",
              "5610082b-593e-4f9b-947f-30cd41243436",
              "6e47706c-6b5a-4d49-8d17-cec07ea91bd2"
            ],
            "state": "active",
            "storage": "",
            "tags": [
              "openstack-5293fed8 "
            ],
            "timeouts": null,
            "updated": "2020-04-04T09:04:28Z",
            "user_data": "#cloud-config\n\nssh_authorized_keys:\n  - \"ssh-rsa AAAAB3NzaC1yc2EAAAADAQABAAABgQDDMkqScI6yHqjxN+syltA6u3y0k48d19j2yoaQ+QOieh1YKNarx0mESC9B4cR54smu7BF0/izC10BfNLp5cJ9mG7Ckl8oEyjLa+gPjpzSK8+q+PFg73UnYher4viQKGTW46PefwM0XxnZOgtNsQ+EEh3+UhW1sy/PZA3Amagj4nEzH/b9YS4C/qdYv9D518Xr0NUMRklbH7e8H7OSckUkUMorQ7gBSh+kHs8UJMSM47m/+uXeS0cxYXhzVbQZCaySEOoSHSq6SUIm7zxIYLj6SsoBEwHAshAbL6jZxLK++W8OMTISrkeCy+hwhDNkVyeleeHfFR1fM4Ne3owXosf+dX7BtwQU1GRKWQlhilkGwuHo3WNiN/KTPQGP81wGt/CY2vMtXW+D2+7TrDR1Gh3XciLUcXTTjuq8j8BE7/xQOcsJykM6t+ImRALI5ZfyZgZDsJvbDPbqbzHdev4ykFwVeo1PC98lSyphMBBV1E+drxCvXhiMqh6vE1idl6Vbtk6k= studarus@sedna\n\"",
            "wait_for_reservation_deprovision": false
          },
          "private": "eyJlMmJmYjczMC1lY2FhLTExZTYtOGY4OC0zNDM2M2JjN2M0YzAiOnsiY3JlYXRlIjoxMjAwMDAwMDAwMDAwLCJkZWxldGUiOjEyMDAwMDAwMDAwMDAsInVwZGF0ZSI6MTIwMDAwMDAwMDAwMH19",
          "dependencies": [
            "random_id.cloud"
          ]
        }
      ]
    },
    {
      "mode": "managed",
      "type": "random_id",
      "name": "cloud",
      "provider": "provider.random",
      "instances": [
        {
          "schema_version": 0,
          "attributes": {
            "b64": "UpP-2A",
            "b64_std": "UpP+2A==",
            "b64_url": "UpP-2A",
            "byte_length": 4,
            "dec": "1385430744",
            "hex": "5293fed8",
            "id": "UpP-2A",
            "keepers": null,
            "prefix": null
          },
          "private": "bnVsbA=="
        }
      ]
    }
  ]
}
